// !$*UTF8*$!
{
	archiveVersion = 1;
	classes = {
	};
	objectVersion = 46;
	objects = {

/* Begin PBXBuildFile section */
		ACFED7F2462065225925B9DF /* libPods.a in Frameworks */ = {isa = PBXBuildFile; fileRef = 99F14D01F10DF01B4B8D4D2B /* libPods.a */; };
		BB311C8A1A9C7C3600C25668 /* SliderButtonPhoto.m in Sources */ = {isa = PBXBuildFile; fileRef = BB311C891A9C7C3600C25668 /* SliderButtonPhoto.m */; };
		BB31B6C41AB21425001DBFF3 /* CoreMedia.framework in Frameworks */ = {isa = PBXBuildFile; fileRef = BB31B6C31AB21425001DBFF3 /* CoreMedia.framework */; };
		BB31B6C61AB21573001DBFF3 /* MediaPlayer.framework in Frameworks */ = {isa = PBXBuildFile; fileRef = BB31B6C51AB21573001DBFF3 /* MediaPlayer.framework */; };
		BB31B6C91AB23CA5001DBFF3 /* Crashlytics.framework in Frameworks */ = {isa = PBXBuildFile; fileRef = BB31B6C81AB23CA5001DBFF3 /* Crashlytics.framework */; };
		BB34A6271A9B989200AA2A86 /* main.m in Sources */ = {isa = PBXBuildFile; fileRef = BB34A6261A9B989200AA2A86 /* main.m */; };
		BB34A62A1A9B989200AA2A86 /* AppDelegate.m in Sources */ = {isa = PBXBuildFile; fileRef = BB34A6291A9B989200AA2A86 /* AppDelegate.m */; };
		BB34A6301A9B989200AA2A86 /* Main.storyboard in Resources */ = {isa = PBXBuildFile; fileRef = BB34A62E1A9B989200AA2A86 /* Main.storyboard */; };
		BB34A6321A9B989200AA2A86 /* Images.xcassets in Resources */ = {isa = PBXBuildFile; fileRef = BB34A6311A9B989200AA2A86 /* Images.xcassets */; };
		BB34A6351A9B989200AA2A86 /* LaunchScreen.xib in Resources */ = {isa = PBXBuildFile; fileRef = BB34A6331A9B989200AA2A86 /* LaunchScreen.xib */; };
		BB34A6411A9B989200AA2A86 /* WizzemTests.m in Sources */ = {isa = PBXBuildFile; fileRef = BB34A6401A9B989200AA2A86 /* WizzemTests.m */; };
		BB34A64D1A9B98EB00AA2A86 /* AVFoundation.framework in Frameworks */ = {isa = PBXBuildFile; fileRef = BB34A64C1A9B98EB00AA2A86 /* AVFoundation.framework */; };
		BB4E448A1AA1016900760A36 /* CircleView.m in Sources */ = {isa = PBXBuildFile; fileRef = BB4E44891AA1016900760A36 /* CircleView.m */; };
		BB4E448D1AA1E2D100760A36 /* TakeGifButton.m in Sources */ = {isa = PBXBuildFile; fileRef = BB4E448C1AA1E2D100760A36 /* TakeGifButton.m */; };
		BB6991681AC9C1D500AC5776 /* PhotoCaptureViewController.m in Sources */ = {isa = PBXBuildFile; fileRef = BB6991671AC9C1D500AC5776 /* PhotoCaptureViewController.m */; };
		BB69916B1AC9DD4300AC5776 /* PBJStrobeView.m in Sources */ = {isa = PBXBuildFile; fileRef = BB69916A1AC9DD4300AC5776 /* PBJStrobeView.m */; };
		BB7BE9611AC0A21D008040C7 /* WizzMediaModel.m in Sources */ = {isa = PBXBuildFile; fileRef = BB7BE9601AC0A21D008040C7 /* WizzMediaModel.m */; };
		BB7BE9641AC0A79D008040C7 /* ProgressBar.m in Sources */ = {isa = PBXBuildFile; fileRef = BB7BE9631AC0A79D008040C7 /* ProgressBar.m */; };
		BB8748631ABDE72500957909 /* DropDown.m in Sources */ = {isa = PBXBuildFile; fileRef = BB8748621ABDE72500957909 /* DropDown.m */; };
		BB8748661ABE28EE00957909 /* Colors.m in Sources */ = {isa = PBXBuildFile; fileRef = BB8748651ABE28EE00957909 /* Colors.m */; };
		BB8748691ABE2DC600957909 /* SliderCameraFunction.m in Sources */ = {isa = PBXBuildFile; fileRef = BB8748681ABE2DC600957909 /* SliderCameraFunction.m */; };
		BB8748701ABEB88000957909 /* TransitionMenuMediaManager.swift in Sources */ = {isa = PBXBuildFile; fileRef = BB87486F1ABEB88000957909 /* TransitionMenuMediaManager.swift */; };
		BB97E81F1AB616C4000214E1 /* CoreGraphics.framework in Frameworks */ = {isa = PBXBuildFile; fileRef = BB97E81E1AB616C3000214E1 /* CoreGraphics.framework */; };
		BB97E8211AB616DD000214E1 /* QuartzCore.framework in Frameworks */ = {isa = PBXBuildFile; fileRef = BB97E8201AB616DD000214E1 /* QuartzCore.framework */; };
		BB9CDEB91AC88E6D0000964E /* TabBarViewController.m in Sources */ = {isa = PBXBuildFile; fileRef = BB9CDEB81AC88E6D0000964E /* TabBarViewController.m */; };
		BB9CDEBC1AC896230000964E /* MenuMediaViewController.m in Sources */ = {isa = PBXBuildFile; fileRef = BB9CDEBB1AC896230000964E /* MenuMediaViewController.m */; };
		BBBD94481ABD72DC002F8655 /* WizzMedia.m in Sources */ = {isa = PBXBuildFile; fileRef = BBBD943D1ABD72DC002F8655 /* WizzMedia.m */; };
		BBBD94491ABD72DC002F8655 /* WizzMedia+CameraGif.m in Sources */ = {isa = PBXBuildFile; fileRef = BBBD943F1ABD72DC002F8655 /* WizzMedia+CameraGif.m */; };
		BBBD944A1ABD72DC002F8655 /* WizzMedia+CameraPhoto.m in Sources */ = {isa = PBXBuildFile; fileRef = BBBD94411ABD72DC002F8655 /* WizzMedia+CameraPhoto.m */; };
		BBBD944B1ABD72DC002F8655 /* WizzMedia+CameraVideo.m in Sources */ = {isa = PBXBuildFile; fileRef = BBBD94431ABD72DC002F8655 /* WizzMedia+CameraVideo.m */; };
		BBBD944C1ABD72DC002F8655 /* WizzMedia+FileManager.m in Sources */ = {isa = PBXBuildFile; fileRef = BBBD94451ABD72DC002F8655 /* WizzMedia+FileManager.m */; };
		BBBD944D1ABD72DC002F8655 /* WizzMedia+RecordSong.m in Sources */ = {isa = PBXBuildFile; fileRef = BBBD94471ABD72DC002F8655 /* WizzMedia+RecordSong.m */; };
		BBC1DF861ACC95E400D9D8FC /* DetailViewController.m in Sources */ = {isa = PBXBuildFile; fileRef = BBC1DF851ACC95E400D9D8FC /* DetailViewController.m */; };
		BBC1DF891ACC986400D9D8FC /* MediaCaptureViewController.m in Sources */ = {isa = PBXBuildFile; fileRef = BBC1DF881ACC986400D9D8FC /* MediaCaptureViewController.m */; };
		BBC1DF8C1ACC9AC700D9D8FC /* GifCaptureViewController.m in Sources */ = {isa = PBXBuildFile; fileRef = BBC1DF8B1ACC9AC700D9D8FC /* GifCaptureViewController.m */; };
		BBC1DF8F1ACC9FA400D9D8FC /* MakeAnimatedImage.m in Sources */ = {isa = PBXBuildFile; fileRef = BBC1DF8E1ACC9FA400D9D8FC /* MakeAnimatedImage.m */; };
		BBD794C81ACDBAF50046C1C1 /* PreviewLayerMediaCaptureView.m in Sources */ = {isa = PBXBuildFile; fileRef = BBD794C71ACDBAF50046C1C1 /* PreviewLayerMediaCaptureView.m */; };
		BBD794CB1ACDDC470046C1C1 /* VideoCaptureViewController.m in Sources */ = {isa = PBXBuildFile; fileRef = BBD794CA1ACDDC470046C1C1 /* VideoCaptureViewController.m */; };
/* End PBXBuildFile section */

/* Begin PBXContainerItemProxy section */
		BB34A63B1A9B989200AA2A86 /* PBXContainerItemProxy */ = {
			isa = PBXContainerItemProxy;
			containerPortal = BB34A6191A9B989200AA2A86 /* Project object */;
			proxyType = 1;
			remoteGlobalIDString = BB34A6201A9B989200AA2A86;
			remoteInfo = Wizzem;
		};
/* End PBXContainerItemProxy section */

/* Begin PBXFileReference section */
		99F14D01F10DF01B4B8D4D2B /* libPods.a */ = {isa = PBXFileReference; explicitFileType = archive.ar; includeInIndex = 0; path = libPods.a; sourceTree = BUILT_PRODUCTS_DIR; };
		BB311C881A9C7C3600C25668 /* SliderButtonPhoto.h */ = {isa = PBXFileReference; fileEncoding = 4; lastKnownFileType = sourcecode.c.h; path = SliderButtonPhoto.h; sourceTree = "<group>"; };
		BB311C891A9C7C3600C25668 /* SliderButtonPhoto.m */ = {isa = PBXFileReference; fileEncoding = 4; lastKnownFileType = sourcecode.c.objc; path = SliderButtonPhoto.m; sourceTree = "<group>"; };
		BB31B6C31AB21425001DBFF3 /* CoreMedia.framework */ = {isa = PBXFileReference; lastKnownFileType = wrapper.framework; name = CoreMedia.framework; path = System/Library/Frameworks/CoreMedia.framework; sourceTree = SDKROOT; };
		BB31B6C51AB21573001DBFF3 /* MediaPlayer.framework */ = {isa = PBXFileReference; lastKnownFileType = wrapper.framework; name = MediaPlayer.framework; path = System/Library/Frameworks/MediaPlayer.framework; sourceTree = SDKROOT; };
		BB31B6C81AB23CA5001DBFF3 /* Crashlytics.framework */ = {isa = PBXFileReference; lastKnownFileType = wrapper.framework; path = Crashlytics.framework; sourceTree = "<group>"; };
		BB34A6211A9B989200AA2A86 /* Wizzem.app */ = {isa = PBXFileReference; explicitFileType = wrapper.application; includeInIndex = 0; path = Wizzem.app; sourceTree = BUILT_PRODUCTS_DIR; };
		BB34A6251A9B989200AA2A86 /* Info.plist */ = {isa = PBXFileReference; lastKnownFileType = text.plist.xml; path = Info.plist; sourceTree = "<group>"; };
		BB34A6261A9B989200AA2A86 /* main.m */ = {isa = PBXFileReference; lastKnownFileType = sourcecode.c.objc; path = main.m; sourceTree = "<group>"; };
		BB34A6281A9B989200AA2A86 /* AppDelegate.h */ = {isa = PBXFileReference; lastKnownFileType = sourcecode.c.h; path = AppDelegate.h; sourceTree = "<group>"; };
		BB34A6291A9B989200AA2A86 /* AppDelegate.m */ = {isa = PBXFileReference; lastKnownFileType = sourcecode.c.objc; path = AppDelegate.m; sourceTree = "<group>"; };
		BB34A62F1A9B989200AA2A86 /* Base */ = {isa = PBXFileReference; lastKnownFileType = file.storyboard; name = Base; path = Base.lproj/Main.storyboard; sourceTree = "<group>"; };
		BB34A6311A9B989200AA2A86 /* Images.xcassets */ = {isa = PBXFileReference; lastKnownFileType = folder.assetcatalog; path = Images.xcassets; sourceTree = "<group>"; };
		BB34A6341A9B989200AA2A86 /* Base */ = {isa = PBXFileReference; lastKnownFileType = file.xib; name = Base; path = Base.lproj/LaunchScreen.xib; sourceTree = "<group>"; };
		BB34A63A1A9B989200AA2A86 /* WizzemTests.xctest */ = {isa = PBXFileReference; explicitFileType = wrapper.cfbundle; includeInIndex = 0; path = WizzemTests.xctest; sourceTree = BUILT_PRODUCTS_DIR; };
		BB34A63F1A9B989200AA2A86 /* Info.plist */ = {isa = PBXFileReference; lastKnownFileType = text.plist.xml; path = Info.plist; sourceTree = "<group>"; };
		BB34A6401A9B989200AA2A86 /* WizzemTests.m */ = {isa = PBXFileReference; lastKnownFileType = sourcecode.c.objc; path = WizzemTests.m; sourceTree = "<group>"; };
		BB34A64C1A9B98EB00AA2A86 /* AVFoundation.framework */ = {isa = PBXFileReference; lastKnownFileType = wrapper.framework; name = AVFoundation.framework; path = System/Library/Frameworks/AVFoundation.framework; sourceTree = SDKROOT; };
		BB4E44881AA1016900760A36 /* CircleView.h */ = {isa = PBXFileReference; fileEncoding = 4; lastKnownFileType = sourcecode.c.h; path = CircleView.h; sourceTree = "<group>"; };
		BB4E44891AA1016900760A36 /* CircleView.m */ = {isa = PBXFileReference; fileEncoding = 4; lastKnownFileType = sourcecode.c.objc; path = CircleView.m; sourceTree = "<group>"; };
		BB4E448B1AA1E2D100760A36 /* TakeGifButton.h */ = {isa = PBXFileReference; fileEncoding = 4; lastKnownFileType = sourcecode.c.h; path = TakeGifButton.h; sourceTree = "<group>"; };
		BB4E448C1AA1E2D100760A36 /* TakeGifButton.m */ = {isa = PBXFileReference; fileEncoding = 4; lastKnownFileType = sourcecode.c.objc; path = TakeGifButton.m; sourceTree = "<group>"; };
		BB6991661AC9C1D500AC5776 /* PhotoCaptureViewController.h */ = {isa = PBXFileReference; fileEncoding = 4; lastKnownFileType = sourcecode.c.h; path = PhotoCaptureViewController.h; sourceTree = "<group>"; };
		BB6991671AC9C1D500AC5776 /* PhotoCaptureViewController.m */ = {isa = PBXFileReference; fileEncoding = 4; lastKnownFileType = sourcecode.c.objc; path = PhotoCaptureViewController.m; sourceTree = "<group>"; };
		BB6991691AC9DD4300AC5776 /* PBJStrobeView.h */ = {isa = PBXFileReference; fileEncoding = 4; lastKnownFileType = sourcecode.c.h; path = PBJStrobeView.h; sourceTree = "<group>"; };
		BB69916A1AC9DD4300AC5776 /* PBJStrobeView.m */ = {isa = PBXFileReference; fileEncoding = 4; lastKnownFileType = sourcecode.c.objc; path = PBJStrobeView.m; sourceTree = "<group>"; };
		BB7BE95F1AC0A21D008040C7 /* WizzMediaModel.h */ = {isa = PBXFileReference; fileEncoding = 4; lastKnownFileType = sourcecode.c.h; path = WizzMediaModel.h; sourceTree = "<group>"; };
		BB7BE9601AC0A21D008040C7 /* WizzMediaModel.m */ = {isa = PBXFileReference; fileEncoding = 4; lastKnownFileType = sourcecode.c.objc; path = WizzMediaModel.m; sourceTree = "<group>"; };
		BB7BE9621AC0A79D008040C7 /* ProgressBar.h */ = {isa = PBXFileReference; fileEncoding = 4; lastKnownFileType = sourcecode.c.h; path = ProgressBar.h; sourceTree = "<group>"; };
		BB7BE9631AC0A79D008040C7 /* ProgressBar.m */ = {isa = PBXFileReference; fileEncoding = 4; lastKnownFileType = sourcecode.c.objc; path = ProgressBar.m; sourceTree = "<group>"; };
		BB8748611ABDE72500957909 /* DropDown.h */ = {isa = PBXFileReference; fileEncoding = 4; lastKnownFileType = sourcecode.c.h; path = DropDown.h; sourceTree = "<group>"; };
		BB8748621ABDE72500957909 /* DropDown.m */ = {isa = PBXFileReference; fileEncoding = 4; lastKnownFileType = sourcecode.c.objc; path = DropDown.m; sourceTree = "<group>"; };
		BB8748641ABE28EE00957909 /* Colors.h */ = {isa = PBXFileReference; fileEncoding = 4; lastKnownFileType = sourcecode.c.h; path = Colors.h; sourceTree = "<group>"; };
		BB8748651ABE28EE00957909 /* Colors.m */ = {isa = PBXFileReference; fileEncoding = 4; lastKnownFileType = sourcecode.c.objc; path = Colors.m; sourceTree = "<group>"; };
		BB8748671ABE2DC600957909 /* SliderCameraFunction.h */ = {isa = PBXFileReference; fileEncoding = 4; lastKnownFileType = sourcecode.c.h; path = SliderCameraFunction.h; sourceTree = "<group>"; };
		BB8748681ABE2DC600957909 /* SliderCameraFunction.m */ = {isa = PBXFileReference; fileEncoding = 4; lastKnownFileType = sourcecode.c.objc; path = SliderCameraFunction.m; sourceTree = "<group>"; };
		BB87486E1ABEB87F00957909 /* Wizzem-Bridging-Header.h */ = {isa = PBXFileReference; lastKnownFileType = sourcecode.c.h; path = "Wizzem-Bridging-Header.h"; sourceTree = "<group>"; };
		BB87486F1ABEB88000957909 /* TransitionMenuMediaManager.swift */ = {isa = PBXFileReference; fileEncoding = 4; lastKnownFileType = sourcecode.swift; path = TransitionMenuMediaManager.swift; sourceTree = "<group>"; };
		BB8748711ABEC21900957909 /* Header.h */ = {isa = PBXFileReference; lastKnownFileType = sourcecode.c.h; path = Header.h; sourceTree = "<group>"; };
		BB97E81E1AB616C3000214E1 /* CoreGraphics.framework */ = {isa = PBXFileReference; lastKnownFileType = wrapper.framework; name = CoreGraphics.framework; path = System/Library/Frameworks/CoreGraphics.framework; sourceTree = SDKROOT; };
		BB97E8201AB616DD000214E1 /* QuartzCore.framework */ = {isa = PBXFileReference; lastKnownFileType = wrapper.framework; name = QuartzCore.framework; path = System/Library/Frameworks/QuartzCore.framework; sourceTree = SDKROOT; };
		BB9CDEB71AC88E6D0000964E /* TabBarViewController.h */ = {isa = PBXFileReference; fileEncoding = 4; lastKnownFileType = sourcecode.c.h; path = TabBarViewController.h; sourceTree = "<group>"; };
		BB9CDEB81AC88E6D0000964E /* TabBarViewController.m */ = {isa = PBXFileReference; fileEncoding = 4; lastKnownFileType = sourcecode.c.objc; path = TabBarViewController.m; sourceTree = "<group>"; };
		BB9CDEBA1AC896230000964E /* MenuMediaViewController.h */ = {isa = PBXFileReference; fileEncoding = 4; lastKnownFileType = sourcecode.c.h; path = MenuMediaViewController.h; sourceTree = "<group>"; };
		BB9CDEBB1AC896230000964E /* MenuMediaViewController.m */ = {isa = PBXFileReference; fileEncoding = 4; lastKnownFileType = sourcecode.c.objc; path = MenuMediaViewController.m; sourceTree = "<group>"; };
		BBBD943C1ABD72DC002F8655 /* WizzMedia.h */ = {isa = PBXFileReference; fileEncoding = 4; lastKnownFileType = sourcecode.c.h; path = WizzMedia.h; sourceTree = "<group>"; };
		BBBD943D1ABD72DC002F8655 /* WizzMedia.m */ = {isa = PBXFileReference; fileEncoding = 4; lastKnownFileType = sourcecode.c.objc; path = WizzMedia.m; sourceTree = "<group>"; };
		BBBD943E1ABD72DC002F8655 /* WizzMedia+CameraGif.h */ = {isa = PBXFileReference; fileEncoding = 4; lastKnownFileType = sourcecode.c.h; path = "WizzMedia+CameraGif.h"; sourceTree = "<group>"; };
		BBBD943F1ABD72DC002F8655 /* WizzMedia+CameraGif.m */ = {isa = PBXFileReference; fileEncoding = 4; lastKnownFileType = sourcecode.c.objc; path = "WizzMedia+CameraGif.m"; sourceTree = "<group>"; };
		BBBD94401ABD72DC002F8655 /* WizzMedia+CameraPhoto.h */ = {isa = PBXFileReference; fileEncoding = 4; lastKnownFileType = sourcecode.c.h; path = "WizzMedia+CameraPhoto.h"; sourceTree = "<group>"; };
		BBBD94411ABD72DC002F8655 /* WizzMedia+CameraPhoto.m */ = {isa = PBXFileReference; fileEncoding = 4; lastKnownFileType = sourcecode.c.objc; path = "WizzMedia+CameraPhoto.m"; sourceTree = "<group>"; };
		BBBD94421ABD72DC002F8655 /* WizzMedia+CameraVideo.h */ = {isa = PBXFileReference; fileEncoding = 4; lastKnownFileType = sourcecode.c.h; path = "WizzMedia+CameraVideo.h"; sourceTree = "<group>"; };
		BBBD94431ABD72DC002F8655 /* WizzMedia+CameraVideo.m */ = {isa = PBXFileReference; fileEncoding = 4; lastKnownFileType = sourcecode.c.objc; path = "WizzMedia+CameraVideo.m"; sourceTree = "<group>"; };
		BBBD94441ABD72DC002F8655 /* WizzMedia+FileManager.h */ = {isa = PBXFileReference; fileEncoding = 4; lastKnownFileType = sourcecode.c.h; path = "WizzMedia+FileManager.h"; sourceTree = "<group>"; };
		BBBD94451ABD72DC002F8655 /* WizzMedia+FileManager.m */ = {isa = PBXFileReference; fileEncoding = 4; lastKnownFileType = sourcecode.c.objc; path = "WizzMedia+FileManager.m"; sourceTree = "<group>"; };
		BBBD94461ABD72DC002F8655 /* WizzMedia+RecordSong.h */ = {isa = PBXFileReference; fileEncoding = 4; lastKnownFileType = sourcecode.c.h; path = "WizzMedia+RecordSong.h"; sourceTree = "<group>"; };
		BBBD94471ABD72DC002F8655 /* WizzMedia+RecordSong.m */ = {isa = PBXFileReference; fileEncoding = 4; lastKnownFileType = sourcecode.c.objc; path = "WizzMedia+RecordSong.m"; sourceTree = "<group>"; };
		BBC1DF841ACC95E400D9D8FC /* DetailViewController.h */ = {isa = PBXFileReference; fileEncoding = 4; lastKnownFileType = sourcecode.c.h; path = DetailViewController.h; sourceTree = "<group>"; };
		BBC1DF851ACC95E400D9D8FC /* DetailViewController.m */ = {isa = PBXFileReference; fileEncoding = 4; lastKnownFileType = sourcecode.c.objc; path = DetailViewController.m; sourceTree = "<group>"; };
		BBC1DF871ACC986400D9D8FC /* MediaCaptureViewController.h */ = {isa = PBXFileReference; fileEncoding = 4; lastKnownFileType = sourcecode.c.h; path = MediaCaptureViewController.h; sourceTree = "<group>"; };
		BBC1DF881ACC986400D9D8FC /* MediaCaptureViewController.m */ = {isa = PBXFileReference; fileEncoding = 4; lastKnownFileType = sourcecode.c.objc; path = MediaCaptureViewController.m; sourceTree = "<group>"; };
		BBC1DF8A1ACC9AC700D9D8FC /* GifCaptureViewController.h */ = {isa = PBXFileReference; fileEncoding = 4; lastKnownFileType = sourcecode.c.h; path = GifCaptureViewController.h; sourceTree = "<group>"; };
		BBC1DF8B1ACC9AC700D9D8FC /* GifCaptureViewController.m */ = {isa = PBXFileReference; fileEncoding = 4; lastKnownFileType = sourcecode.c.objc; path = GifCaptureViewController.m; sourceTree = "<group>"; };
		BBC1DF8D1ACC9FA400D9D8FC /* MakeAnimatedImage.h */ = {isa = PBXFileReference; fileEncoding = 4; lastKnownFileType = sourcecode.c.h; path = MakeAnimatedImage.h; sourceTree = "<group>"; };
		BBC1DF8E1ACC9FA400D9D8FC /* MakeAnimatedImage.m */ = {isa = PBXFileReference; fileEncoding = 4; lastKnownFileType = sourcecode.c.objc; path = MakeAnimatedImage.m; sourceTree = "<group>"; };
		BBD794C61ACDBAF50046C1C1 /* PreviewLayerMediaCaptureView.h */ = {isa = PBXFileReference; fileEncoding = 4; lastKnownFileType = sourcecode.c.h; path = PreviewLayerMediaCaptureView.h; sourceTree = "<group>"; };
		BBD794C71ACDBAF50046C1C1 /* PreviewLayerMediaCaptureView.m */ = {isa = PBXFileReference; fileEncoding = 4; lastKnownFileType = sourcecode.c.objc; path = PreviewLayerMediaCaptureView.m; sourceTree = "<group>"; };
		BBD794C91ACDDC470046C1C1 /* VideoCaptureViewController.h */ = {isa = PBXFileReference; fileEncoding = 4; lastKnownFileType = sourcecode.c.h; path = VideoCaptureViewController.h; sourceTree = "<group>"; };
		BBD794CA1ACDDC470046C1C1 /* VideoCaptureViewController.m */ = {isa = PBXFileReference; fileEncoding = 4; lastKnownFileType = sourcecode.c.objc; path = VideoCaptureViewController.m; sourceTree = "<group>"; };
		F44EE1E1271F095C9620B60B /* Pods.debug.xcconfig */ = {isa = PBXFileReference; includeInIndex = 1; lastKnownFileType = text.xcconfig; name = Pods.debug.xcconfig; path = "Pods/Target Support Files/Pods/Pods.debug.xcconfig"; sourceTree = "<group>"; };
		FEA8B635285A35CE77C00BF3 /* Pods.release.xcconfig */ = {isa = PBXFileReference; includeInIndex = 1; lastKnownFileType = text.xcconfig; name = Pods.release.xcconfig; path = "Pods/Target Support Files/Pods/Pods.release.xcconfig"; sourceTree = "<group>"; };
/* End PBXFileReference section */

/* Begin PBXFrameworksBuildPhase section */
		BB34A61E1A9B989200AA2A86 /* Frameworks */ = {
			isa = PBXFrameworksBuildPhase;
			buildActionMask = 2147483647;
			files = (
				BB97E8211AB616DD000214E1 /* QuartzCore.framework in Frameworks */,
				BB97E81F1AB616C4000214E1 /* CoreGraphics.framework in Frameworks */,
				BB31B6C61AB21573001DBFF3 /* MediaPlayer.framework in Frameworks */,
				BB31B6C91AB23CA5001DBFF3 /* Crashlytics.framework in Frameworks */,
				BB31B6C41AB21425001DBFF3 /* CoreMedia.framework in Frameworks */,
				BB34A64D1A9B98EB00AA2A86 /* AVFoundation.framework in Frameworks */,
				ACFED7F2462065225925B9DF /* libPods.a in Frameworks */,
			);
			runOnlyForDeploymentPostprocessing = 0;
		};
		BB34A6371A9B989200AA2A86 /* Frameworks */ = {
			isa = PBXFrameworksBuildPhase;
			buildActionMask = 2147483647;
			files = (
			);
			runOnlyForDeploymentPostprocessing = 0;
		};
/* End PBXFrameworksBuildPhase section */

/* Begin PBXGroup section */
		8DB8AFC1963701722EBC773E /* Frameworks */ = {
			isa = PBXGroup;
			children = (
				BB97E8201AB616DD000214E1 /* QuartzCore.framework */,
				BB97E81E1AB616C3000214E1 /* CoreGraphics.framework */,
				BB34A64C1A9B98EB00AA2A86 /* AVFoundation.framework */,
				BB31B6C81AB23CA5001DBFF3 /* Crashlytics.framework */,
				BB31B6C51AB21573001DBFF3 /* MediaPlayer.framework */,
				BB31B6C31AB21425001DBFF3 /* CoreMedia.framework */,
				99F14D01F10DF01B4B8D4D2B /* libPods.a */,
			);
			name = Frameworks;
			sourceTree = "<group>";
		};
		BB34A6181A9B989200AA2A86 = {
			isa = PBXGroup;
			children = (
				BB34A6231A9B989200AA2A86 /* Wizzem */,
				BB34A63D1A9B989200AA2A86 /* WizzemTests */,
				BB34A6221A9B989200AA2A86 /* Products */,
				E4BF479B5A2E9DDD09E972B8 /* Pods */,
				8DB8AFC1963701722EBC773E /* Frameworks */,
			);
			sourceTree = "<group>";
		};
		BB34A6221A9B989200AA2A86 /* Products */ = {
			isa = PBXGroup;
			children = (
				BB34A6211A9B989200AA2A86 /* Wizzem.app */,
				BB34A63A1A9B989200AA2A86 /* WizzemTests.xctest */,
			);
			name = Products;
			sourceTree = "<group>";
		};
		BB34A6231A9B989200AA2A86 /* Wizzem */ = {
			isa = PBXGroup;
			children = (
				BB87486D1ABEB86D00957909 /* Transition controller */,
				BB910B4A1A9BADA2008B10BC /* Utils */,
				BB34A6501A9B990A00AA2A86 /* Models */,
				BB34A64F1A9B990100AA2A86 /* Views */,
				BB34A64E1A9B98FA00AA2A86 /* Controllers */,
				BB34A64A1A9B98C100AA2A86 /* Application */,
				BB34A64B1A9B98D400AA2A86 /* Ressources */,
			);
			path = Wizzem;
			sourceTree = "<group>";
		};
		BB34A6241A9B989200AA2A86 /* Supporting Files */ = {
			isa = PBXGroup;
			children = (
				BB34A6251A9B989200AA2A86 /* Info.plist */,
				BB34A6261A9B989200AA2A86 /* main.m */,
			);
			path = "Supporting Files";
			sourceTree = "<group>";
		};
		BB34A63D1A9B989200AA2A86 /* WizzemTests */ = {
			isa = PBXGroup;
			children = (
				BB34A6401A9B989200AA2A86 /* WizzemTests.m */,
				BB34A63E1A9B989200AA2A86 /* Supporting Files */,
			);
			path = WizzemTests;
			sourceTree = "<group>";
		};
		BB34A63E1A9B989200AA2A86 /* Supporting Files */ = {
			isa = PBXGroup;
			children = (
				BB34A63F1A9B989200AA2A86 /* Info.plist */,
			);
			path = "Supporting Files";
			sourceTree = "<group>";
		};
		BB34A64A1A9B98C100AA2A86 /* Application */ = {
			isa = PBXGroup;
			children = (
				BB87486E1ABEB87F00957909 /* Wizzem-Bridging-Header.h */,
				BB34A6281A9B989200AA2A86 /* AppDelegate.h */,
				BB34A6291A9B989200AA2A86 /* AppDelegate.m */,
				BB8748711ABEC21900957909 /* Header.h */,
			);
			path = Application;
			sourceTree = "<group>";
		};
		BB34A64B1A9B98D400AA2A86 /* Ressources */ = {
			isa = PBXGroup;
			children = (
				BB34A6241A9B989200AA2A86 /* Supporting Files */,
				BB34A62E1A9B989200AA2A86 /* Main.storyboard */,
				BB34A6311A9B989200AA2A86 /* Images.xcassets */,
				BB34A6331A9B989200AA2A86 /* LaunchScreen.xib */,
			);
			path = Ressources;
			sourceTree = "<group>";
		};
		BB34A64E1A9B98FA00AA2A86 /* Controllers */ = {
			isa = PBXGroup;
			children = (
				BB6991651AC9C1B400AC5776 /* MediaCaptureController */,
				BB9CDEB71AC88E6D0000964E /* TabBarViewController.h */,
				BB9CDEB81AC88E6D0000964E /* TabBarViewController.m */,
				BB9CDEBA1AC896230000964E /* MenuMediaViewController.h */,
				BB9CDEBB1AC896230000964E /* MenuMediaViewController.m */,
			);
			path = Controllers;
			sourceTree = "<group>";
		};
		BB34A64F1A9B990100AA2A86 /* Views */ = {
			isa = PBXGroup;
			children = (
				BB6991691AC9DD4300AC5776 /* PBJStrobeView.h */,
				BB69916A1AC9DD4300AC5776 /* PBJStrobeView.m */,
				BB8748611ABDE72500957909 /* DropDown.h */,
				BB8748621ABDE72500957909 /* DropDown.m */,
				BB311C881A9C7C3600C25668 /* SliderButtonPhoto.h */,
				BB311C891A9C7C3600C25668 /* SliderButtonPhoto.m */,
				BB4E44881AA1016900760A36 /* CircleView.h */,
				BB4E44891AA1016900760A36 /* CircleView.m */,
				BB4E448B1AA1E2D100760A36 /* TakeGifButton.h */,
				BB4E448C1AA1E2D100760A36 /* TakeGifButton.m */,
				BB8748671ABE2DC600957909 /* SliderCameraFunction.h */,
				BB8748681ABE2DC600957909 /* SliderCameraFunction.m */,
				BB7BE9621AC0A79D008040C7 /* ProgressBar.h */,
				BB7BE9631AC0A79D008040C7 /* ProgressBar.m */,
				BBD794C61ACDBAF50046C1C1 /* PreviewLayerMediaCaptureView.h */,
				BBD794C71ACDBAF50046C1C1 /* PreviewLayerMediaCaptureView.m */,
			);
			path = Views;
			sourceTree = "<group>";
		};
		BB34A6501A9B990A00AA2A86 /* Models */ = {
			isa = PBXGroup;
			children = (
			);
			path = Models;
			sourceTree = "<group>";
		};
		BB6991651AC9C1B400AC5776 /* MediaCaptureController */ = {
			isa = PBXGroup;
			children = (
				BB6991661AC9C1D500AC5776 /* PhotoCaptureViewController.h */,
				BB6991671AC9C1D500AC5776 /* PhotoCaptureViewController.m */,
				BBC1DF8A1ACC9AC700D9D8FC /* GifCaptureViewController.h */,
				BBC1DF8B1ACC9AC700D9D8FC /* GifCaptureViewController.m */,
				BBC1DF841ACC95E400D9D8FC /* DetailViewController.h */,
				BBC1DF851ACC95E400D9D8FC /* DetailViewController.m */,
				BBC1DF871ACC986400D9D8FC /* MediaCaptureViewController.h */,
				BBC1DF881ACC986400D9D8FC /* MediaCaptureViewController.m */,
				BBD794C91ACDDC470046C1C1 /* VideoCaptureViewController.h */,
				BBD794CA1ACDDC470046C1C1 /* VideoCaptureViewController.m */,
			);
			path = MediaCaptureController;
			sourceTree = "<group>";
		};
		BB87486D1ABEB86D00957909 /* Transition controller */ = {
			isa = PBXGroup;
			children = (
				BB87486F1ABEB88000957909 /* TransitionMenuMediaManager.swift */,
			);
			path = "Transition controller";
			sourceTree = "<group>";
		};
		BB910B4A1A9BADA2008B10BC /* Utils */ = {
			isa = PBXGroup;
			children = (
				BBBD943B1ABD72BF002F8655 /* WizzMedia */,
				BB8748641ABE28EE00957909 /* Colors.h */,
				BB8748651ABE28EE00957909 /* Colors.m */,
			);
			path = Utils;
			sourceTree = "<group>";
		};
		BBBD943B1ABD72BF002F8655 /* WizzMedia */ = {
			isa = PBXGroup;
			children = (
				BBBD943C1ABD72DC002F8655 /* WizzMedia.h */,
				BBBD943D1ABD72DC002F8655 /* WizzMedia.m */,
				BB7BE95F1AC0A21D008040C7 /* WizzMediaModel.h */,
				BB7BE9601AC0A21D008040C7 /* WizzMediaModel.m */,
				BBBD943E1ABD72DC002F8655 /* WizzMedia+CameraGif.h */,
				BBBD943F1ABD72DC002F8655 /* WizzMedia+CameraGif.m */,
				BBBD94401ABD72DC002F8655 /* WizzMedia+CameraPhoto.h */,
				BBBD94411ABD72DC002F8655 /* WizzMedia+CameraPhoto.m */,
				BBBD94421ABD72DC002F8655 /* WizzMedia+CameraVideo.h */,
				BBBD94431ABD72DC002F8655 /* WizzMedia+CameraVideo.m */,
				BBBD94441ABD72DC002F8655 /* WizzMedia+FileManager.h */,
				BBBD94451ABD72DC002F8655 /* WizzMedia+FileManager.m */,
				BBBD94461ABD72DC002F8655 /* WizzMedia+RecordSong.h */,
				BBBD94471ABD72DC002F8655 /* WizzMedia+RecordSong.m */,
				BBC1DF8D1ACC9FA400D9D8FC /* MakeAnimatedImage.h */,
				BBC1DF8E1ACC9FA400D9D8FC /* MakeAnimatedImage.m */,
			);
			path = WizzMedia;
			sourceTree = "<group>";
		};
		E4BF479B5A2E9DDD09E972B8 /* Pods */ = {
			isa = PBXGroup;
			children = (
				F44EE1E1271F095C9620B60B /* Pods.debug.xcconfig */,
				FEA8B635285A35CE77C00BF3 /* Pods.release.xcconfig */,
			);
			name = Pods;
			sourceTree = "<group>";
		};
/* End PBXGroup section */

/* Begin PBXNativeTarget section */
		BB34A6201A9B989200AA2A86 /* Wizzem */ = {
			isa = PBXNativeTarget;
			buildConfigurationList = BB34A6441A9B989200AA2A86 /* Build configuration list for PBXNativeTarget "Wizzem" */;
			buildPhases = (
				DBA4F18DE16895D7EB7D989A /* Check Pods Manifest.lock */,
				BB34A61D1A9B989200AA2A86 /* Sources */,
				BB34A61E1A9B989200AA2A86 /* Frameworks */,
				BB34A61F1A9B989200AA2A86 /* Resources */,
				05B89398E20AF5415CDA40AE /* Copy Pods Resources */,
				BB31B6C71AB23C8B001DBFF3 /* ShellScript */,
			);
			buildRules = (
			);
			dependencies = (
			);
			name = Wizzem;
			productName = Wizzem;
			productReference = BB34A6211A9B989200AA2A86 /* Wizzem.app */;
			productType = "com.apple.product-type.application";
		};
		BB34A6391A9B989200AA2A86 /* WizzemTests */ = {
			isa = PBXNativeTarget;
			buildConfigurationList = BB34A6471A9B989200AA2A86 /* Build configuration list for PBXNativeTarget "WizzemTests" */;
			buildPhases = (
				BB34A6361A9B989200AA2A86 /* Sources */,
				BB34A6371A9B989200AA2A86 /* Frameworks */,
				BB34A6381A9B989200AA2A86 /* Resources */,
			);
			buildRules = (
			);
			dependencies = (
				BB34A63C1A9B989200AA2A86 /* PBXTargetDependency */,
			);
			name = WizzemTests;
			productName = WizzemTests;
			productReference = BB34A63A1A9B989200AA2A86 /* WizzemTests.xctest */;
			productType = "com.apple.product-type.bundle.unit-test";
		};
/* End PBXNativeTarget section */

/* Begin PBXProject section */
		BB34A6191A9B989200AA2A86 /* Project object */ = {
			isa = PBXProject;
			attributes = {
				LastUpgradeCheck = 0610;
				ORGANIZATIONNAME = "Remi Robert";
				TargetAttributes = {
					BB34A6201A9B989200AA2A86 = {
						CreatedOnToolsVersion = 6.1.1;
						DevelopmentTeam = 44Q2J6374R;
					};
					BB34A6391A9B989200AA2A86 = {
						CreatedOnToolsVersion = 6.1.1;
						TestTargetID = BB34A6201A9B989200AA2A86;
					};
				};
			};
			buildConfigurationList = BB34A61C1A9B989200AA2A86 /* Build configuration list for PBXProject "Wizzem" */;
			compatibilityVersion = "Xcode 3.2";
			developmentRegion = English;
			hasScannedForEncodings = 0;
			knownRegions = (
				en,
				Base,
			);
			mainGroup = BB34A6181A9B989200AA2A86;
			productRefGroup = BB34A6221A9B989200AA2A86 /* Products */;
			projectDirPath = "";
			projectRoot = "";
			targets = (
				BB34A6201A9B989200AA2A86 /* Wizzem */,
				BB34A6391A9B989200AA2A86 /* WizzemTests */,
			);
		};
/* End PBXProject section */

/* Begin PBXResourcesBuildPhase section */
		BB34A61F1A9B989200AA2A86 /* Resources */ = {
			isa = PBXResourcesBuildPhase;
			buildActionMask = 2147483647;
			files = (
				BB34A6301A9B989200AA2A86 /* Main.storyboard in Resources */,
				BB34A6351A9B989200AA2A86 /* LaunchScreen.xib in Resources */,
				BB34A6321A9B989200AA2A86 /* Images.xcassets in Resources */,
			);
			runOnlyForDeploymentPostprocessing = 0;
		};
		BB34A6381A9B989200AA2A86 /* Resources */ = {
			isa = PBXResourcesBuildPhase;
			buildActionMask = 2147483647;
			files = (
			);
			runOnlyForDeploymentPostprocessing = 0;
		};
/* End PBXResourcesBuildPhase section */

/* Begin PBXShellScriptBuildPhase section */
		05B89398E20AF5415CDA40AE /* Copy Pods Resources */ = {
			isa = PBXShellScriptBuildPhase;
			buildActionMask = 2147483647;
			files = (
			);
			inputPaths = (
			);
			name = "Copy Pods Resources";
			outputPaths = (
			);
			runOnlyForDeploymentPostprocessing = 0;
			shellPath = /bin/sh;
			shellScript = "\"${SRCROOT}/Pods/Target Support Files/Pods/Pods-resources.sh\"\n";
			showEnvVarsInLog = 0;
		};
		BB31B6C71AB23C8B001DBFF3 /* ShellScript */ = {
			isa = PBXShellScriptBuildPhase;
			buildActionMask = 2147483647;
			files = (
			);
			inputPaths = (
			);
			outputPaths = (
			);
			runOnlyForDeploymentPostprocessing = 0;
			shellPath = /bin/sh;
			shellScript = "./Crashlytics.framework/run d9291a9165795274a4a0ad9f612bfafae0b9685d 054127c9bafbcc58f894717f58d5d0544364c4499e266bb0bebef0905ebfb097";
		};
		DBA4F18DE16895D7EB7D989A /* Check Pods Manifest.lock */ = {
			isa = PBXShellScriptBuildPhase;
			buildActionMask = 2147483647;
			files = (
			);
			inputPaths = (
			);
			name = "Check Pods Manifest.lock";
			outputPaths = (
			);
			runOnlyForDeploymentPostprocessing = 0;
			shellPath = /bin/sh;
			shellScript = "diff \"${PODS_ROOT}/../Podfile.lock\" \"${PODS_ROOT}/Manifest.lock\" > /dev/null\nif [[ $? != 0 ]] ; then\n    cat << EOM\nerror: The sandbox is not in sync with the Podfile.lock. Run 'pod install' or update your CocoaPods installation.\nEOM\n    exit 1\nfi\n";
			showEnvVarsInLog = 0;
		};
/* End PBXShellScriptBuildPhase section */

/* Begin PBXSourcesBuildPhase section */
		BB34A61D1A9B989200AA2A86 /* Sources */ = {
			isa = PBXSourcesBuildPhase;
			buildActionMask = 2147483647;
			files = (
				BB9CDEB91AC88E6D0000964E /* TabBarViewController.m in Sources */,
				BB4E448D1AA1E2D100760A36 /* TakeGifButton.m in Sources */,
				BBBD944D1ABD72DC002F8655 /* WizzMedia+RecordSong.m in Sources */,
				BBBD944C1ABD72DC002F8655 /* WizzMedia+FileManager.m in Sources */,
				BB9CDEBC1AC896230000964E /* MenuMediaViewController.m in Sources */,
				BB7BE9611AC0A21D008040C7 /* WizzMediaModel.m in Sources */,
				BB34A62A1A9B989200AA2A86 /* AppDelegate.m in Sources */,
				BB8748631ABDE72500957909 /* DropDown.m in Sources */,
				BBBD944A1ABD72DC002F8655 /* WizzMedia+CameraPhoto.m in Sources */,
				BB8748701ABEB88000957909 /* TransitionMenuMediaManager.swift in Sources */,
				BBBD94481ABD72DC002F8655 /* WizzMedia.m in Sources */,
				BBD794CB1ACDDC470046C1C1 /* VideoCaptureViewController.m in Sources */,
				BBC1DF8F1ACC9FA400D9D8FC /* MakeAnimatedImage.m in Sources */,
				BB6991681AC9C1D500AC5776 /* PhotoCaptureViewController.m in Sources */,
				BBBD944B1ABD72DC002F8655 /* WizzMedia+CameraVideo.m in Sources */,
				BB69916B1AC9DD4300AC5776 /* PBJStrobeView.m in Sources */,
				BBC1DF891ACC986400D9D8FC /* MediaCaptureViewController.m in Sources */,
				BB8748661ABE28EE00957909 /* Colors.m in Sources */,
				BBD794C81ACDBAF50046C1C1 /* PreviewLayerMediaCaptureView.m in Sources */,
				BB7BE9641AC0A79D008040C7 /* ProgressBar.m in Sources */,
				BB4E448A1AA1016900760A36 /* CircleView.m in Sources */,
				BBC1DF8C1ACC9AC700D9D8FC /* GifCaptureViewController.m in Sources */,
				BBC1DF861ACC95E400D9D8FC /* DetailViewController.m in Sources */,
				BB8748691ABE2DC600957909 /* SliderCameraFunction.m in Sources */,
				BB34A6271A9B989200AA2A86 /* main.m in Sources */,
				BBBD94491ABD72DC002F8655 /* WizzMedia+CameraGif.m in Sources */,
				BB311C8A1A9C7C3600C25668 /* SliderButtonPhoto.m in Sources */,
			);
			runOnlyForDeploymentPostprocessing = 0;
		};
		BB34A6361A9B989200AA2A86 /* Sources */ = {
			isa = PBXSourcesBuildPhase;
			buildActionMask = 2147483647;
			files = (
				BB34A6411A9B989200AA2A86 /* WizzemTests.m in Sources */,
			);
			runOnlyForDeploymentPostprocessing = 0;
		};
/* End PBXSourcesBuildPhase section */

/* Begin PBXTargetDependency section */
		BB34A63C1A9B989200AA2A86 /* PBXTargetDependency */ = {
			isa = PBXTargetDependency;
			target = BB34A6201A9B989200AA2A86 /* Wizzem */;
			targetProxy = BB34A63B1A9B989200AA2A86 /* PBXContainerItemProxy */;
		};
/* End PBXTargetDependency section */

/* Begin PBXVariantGroup section */
		BB34A62E1A9B989200AA2A86 /* Main.storyboard */ = {
			isa = PBXVariantGroup;
			children = (
				BB34A62F1A9B989200AA2A86 /* Base */,
			);
			name = Main.storyboard;
			path = .;
			sourceTree = "<group>";
		};
		BB34A6331A9B989200AA2A86 /* LaunchScreen.xib */ = {
			isa = PBXVariantGroup;
			children = (
				BB34A6341A9B989200AA2A86 /* Base */,
			);
			name = LaunchScreen.xib;
			path = .;
			sourceTree = "<group>";
		};
/* End PBXVariantGroup section */

/* Begin XCBuildConfiguration section */
		BB34A6421A9B989200AA2A86 /* Debug */ = {
			isa = XCBuildConfiguration;
			buildSettings = {
				ALWAYS_SEARCH_USER_PATHS = NO;
				CLANG_CXX_LANGUAGE_STANDARD = "gnu++0x";
				CLANG_CXX_LIBRARY = "libc++";
				CLANG_ENABLE_MODULES = YES;
				CLANG_ENABLE_OBJC_ARC = YES;
				CLANG_WARN_BOOL_CONVERSION = YES;
				CLANG_WARN_CONSTANT_CONVERSION = YES;
				CLANG_WARN_DIRECT_OBJC_ISA_USAGE = YES_ERROR;
				CLANG_WARN_EMPTY_BODY = YES;
				CLANG_WARN_ENUM_CONVERSION = YES;
				CLANG_WARN_INT_CONVERSION = YES;
				CLANG_WARN_OBJC_ROOT_CLASS = YES_ERROR;
				CLANG_WARN_UNREACHABLE_CODE = YES;
				CLANG_WARN__DUPLICATE_METHOD_MATCH = YES;
				"CODE_SIGN_IDENTITY[sdk=iphoneos*]" = "iPhone Developer";
				COPY_PHASE_STRIP = NO;
				ENABLE_STRICT_OBJC_MSGSEND = YES;
				GCC_C_LANGUAGE_STANDARD = gnu99;
				GCC_DYNAMIC_NO_PIC = NO;
				GCC_OPTIMIZATION_LEVEL = 0;
				GCC_PREPROCESSOR_DEFINITIONS = (
					"DEBUG=1",
					"$(inherited)",
				);
				GCC_SYMBOLS_PRIVATE_EXTERN = NO;
				GCC_WARN_64_TO_32_BIT_CONVERSION = YES;
				GCC_WARN_ABOUT_RETURN_TYPE = YES_ERROR;
				GCC_WARN_UNDECLARED_SELECTOR = YES;
				GCC_WARN_UNINITIALIZED_AUTOS = YES_AGGRESSIVE;
				GCC_WARN_UNUSED_FUNCTION = YES;
				GCC_WARN_UNUSED_VARIABLE = YES;
				IPHONEOS_DEPLOYMENT_TARGET = 8.1;
				MTL_ENABLE_DEBUG_INFO = YES;
				ONLY_ACTIVE_ARCH = YES;
				SDKROOT = iphoneos;
			};
			name = Debug;
		};
		BB34A6431A9B989200AA2A86 /* Release */ = {
			isa = XCBuildConfiguration;
			buildSettings = {
				ALWAYS_SEARCH_USER_PATHS = NO;
				CLANG_CXX_LANGUAGE_STANDARD = "gnu++0x";
				CLANG_CXX_LIBRARY = "libc++";
				CLANG_ENABLE_MODULES = YES;
				CLANG_ENABLE_OBJC_ARC = YES;
				CLANG_WARN_BOOL_CONVERSION = YES;
				CLANG_WARN_CONSTANT_CONVERSION = YES;
				CLANG_WARN_DIRECT_OBJC_ISA_USAGE = YES_ERROR;
				CLANG_WARN_EMPTY_BODY = YES;
				CLANG_WARN_ENUM_CONVERSION = YES;
				CLANG_WARN_INT_CONVERSION = YES;
				CLANG_WARN_OBJC_ROOT_CLASS = YES_ERROR;
				CLANG_WARN_UNREACHABLE_CODE = YES;
				CLANG_WARN__DUPLICATE_METHOD_MATCH = YES;
				"CODE_SIGN_IDENTITY[sdk=iphoneos*]" = "iPhone Developer";
				COPY_PHASE_STRIP = YES;
				ENABLE_NS_ASSERTIONS = NO;
				ENABLE_STRICT_OBJC_MSGSEND = YES;
				GCC_C_LANGUAGE_STANDARD = gnu99;
				GCC_WARN_64_TO_32_BIT_CONVERSION = YES;
				GCC_WARN_ABOUT_RETURN_TYPE = YES_ERROR;
				GCC_WARN_UNDECLARED_SELECTOR = YES;
				GCC_WARN_UNINITIALIZED_AUTOS = YES_AGGRESSIVE;
				GCC_WARN_UNUSED_FUNCTION = YES;
				GCC_WARN_UNUSED_VARIABLE = YES;
				IPHONEOS_DEPLOYMENT_TARGET = 8.1;
				MTL_ENABLE_DEBUG_INFO = NO;
				SDKROOT = iphoneos;
				VALIDATE_PRODUCT = YES;
			};
			name = Release;
		};
		BB34A6451A9B989200AA2A86 /* Debug */ = {
			isa = XCBuildConfiguration;
			baseConfigurationReference = F44EE1E1271F095C9620B60B /* Pods.debug.xcconfig */;
			buildSettings = {
				ASSETCATALOG_COMPILER_APPICON_NAME = AppIcon;
				CLANG_ENABLE_MODULES = YES;
				CODE_SIGN_IDENTITY = "iPhone Developer";
				"CODE_SIGN_IDENTITY[sdk=iphoneos*]" = "iPhone Developer";
				FRAMEWORK_SEARCH_PATHS = (
					"$(inherited)",
					"$(PROJECT_DIR)",
				);
				INFOPLIST_FILE = "Wizzem/Ressources/Supporting Files/Info.plist";
				IPHONEOS_DEPLOYMENT_TARGET = 8.0;
				LD_RUNPATH_SEARCH_PATHS = "$(inherited) @executable_path/Frameworks";
				PRODUCT_NAME = "$(TARGET_NAME)";
				PROVISIONING_PROFILE = "";
				SWIFT_OBJC_BRIDGING_HEADER = "Wizzem/Application/Wizzem-Bridging-Header.h";
				SWIFT_OPTIMIZATION_LEVEL = "-Onone";
			};
			name = Debug;
		};
		BB34A6461A9B989200AA2A86 /* Release */ = {
			isa = XCBuildConfiguration;
			baseConfigurationReference = FEA8B635285A35CE77C00BF3 /* Pods.release.xcconfig */;
			buildSettings = {
				ASSETCATALOG_COMPILER_APPICON_NAME = AppIcon;
				CLANG_ENABLE_MODULES = YES;
				CODE_SIGN_IDENTITY = "iPhone Developer";
				"CODE_SIGN_IDENTITY[sdk=iphoneos*]" = "iPhone Developer";
				FRAMEWORK_SEARCH_PATHS = (
					"$(inherited)",
					"$(PROJECT_DIR)",
				);
				INFOPLIST_FILE = "Wizzem/Ressources/Supporting Files/Info.plist";
				IPHONEOS_DEPLOYMENT_TARGET = 8.0;
				LD_RUNPATH_SEARCH_PATHS = "$(inherited) @executable_path/Frameworks";
				PRODUCT_NAME = "$(TARGET_NAME)";
				PROVISIONING_PROFILE = "";
				SWIFT_OBJC_BRIDGING_HEADER = "Wizzem/Application/Wizzem-Bridging-Header.h";
			};
			name = Release;
		};
		BB34A6481A9B989200AA2A86 /* Debug */ = {
			isa = XCBuildConfiguration;
			buildSettings = {
				BUNDLE_LOADER = "$(TEST_HOST)";
				FRAMEWORK_SEARCH_PATHS = (
					"$(SDKROOT)/Developer/Library/Frameworks",
					"$(inherited)",
				);
				GCC_PREPROCESSOR_DEFINITIONS = (
					"DEBUG=1",
					"$(inherited)",
				);
				INFOPLIST_FILE = "WizzemTests/Supporting Files/Info.plist";
				LD_RUNPATH_SEARCH_PATHS = "$(inherited) @executable_path/Frameworks @loader_path/Frameworks";
				PRODUCT_NAME = "$(TARGET_NAME)";
				TEST_HOST = "$(BUILT_PRODUCTS_DIR)/Wizzem.app/Wizzem";
			};
			name = Debug;
		};
		BB34A6491A9B989200AA2A86 /* Release */ = {
			isa = XCBuildConfiguration;
			buildSettings = {
				BUNDLE_LOADER = "$(TEST_HOST)";
				FRAMEWORK_SEARCH_PATHS = (
					"$(SDKROOT)/Developer/Library/Frameworks",
					"$(inherited)",
				);
				INFOPLIST_FILE = "WizzemTests/Supporting Files/Info.plist";
				LD_RUNPATH_SEARCH_PATHS = "$(inherited) @executable_path/Frameworks @loader_path/Frameworks";
				PRODUCT_NAME = "$(TARGET_NAME)";
				TEST_HOST = "$(BUILT_PRODUCTS_DIR)/Wizzem.app/Wizzem";
			};
			name = Release;
		};
/* End XCBuildConfiguration section */

/* Begin XCConfigurationList section */
		BB34A61C1A9B989200AA2A86 /* Build configuration list for PBXProject "Wizzem" */ = {
			isa = XCConfigurationList;
			buildConfigurations = (
				BB34A6421A9B989200AA2A86 /* Debug */,
				BB34A6431A9B989200AA2A86 /* Release */,
			);
			defaultConfigurationIsVisible = 0;
			defaultConfigurationName = Release;
		};
		BB34A6441A9B989200AA2A86 /* Build configuration list for PBXNativeTarget "Wizzem" */ = {
			isa = XCConfigurationList;
			buildConfigurations = (
				BB34A6451A9B989200AA2A86 /* Debug */,
				BB34A6461A9B989200AA2A86 /* Release */,
			);
			defaultConfigurationIsVisible = 0;
			defaultConfigurationName = Release;
		};
		BB34A6471A9B989200AA2A86 /* Build configuration list for PBXNativeTarget "WizzemTests" */ = {
			isa = XCConfigurationList;
			buildConfigurations = (
				BB34A6481A9B989200AA2A86 /* Debug */,
				BB34A6491A9B989200AA2A86 /* Release */,
			);
			defaultConfigurationIsVisible = 0;
			defaultConfigurationName = Release;
		};
/* End XCConfigurationList section */
	};
	rootObject = BB34A6191A9B989200AA2A86 /* Project object */;
}
