// !$*UTF8*$!
{
	archiveVersion = 1;
	classes = {
	};
	objectVersion = 46;
	objects = {

/* Begin PBXBuildFile section */
		9DA0B2CEF94C1C6AB493C5B7 /* libPods.a in Frameworks */ = {isa = PBXBuildFile; fileRef = C494A5163AF6F439845F4927 /* libPods.a */; };
		BB136F171B774F5100987A94 /* ParticipantTableViewCell.swift in Sources */ = {isa = PBXBuildFile; fileRef = BB136F151B774F5100987A94 /* ParticipantTableViewCell.swift */; };
		BB136F181B774F5100987A94 /* ParticipantTableViewCell.xib in Resources */ = {isa = PBXBuildFile; fileRef = BB136F161B774F5100987A94 /* ParticipantTableViewCell.xib */; };
		BB136F1C1B7750F900987A94 /* ParticipantListViewController.swift in Sources */ = {isa = PBXBuildFile; fileRef = BB136F1B1B7750F900987A94 /* ParticipantListViewController.swift */; };
		BB1C032F1B6E56310035F09F /* Wizzem_iOSTests.swift in Sources */ = {isa = PBXBuildFile; fileRef = BB1C032E1B6E56310035F09F /* Wizzem_iOSTests.swift */; };
		BB1C03441B6E56BD0035F09F /* AppDelegate.swift in Sources */ = {isa = PBXBuildFile; fileRef = BB1C03391B6E56BD0035F09F /* AppDelegate.swift */; };
		BB1C03451B6E56BD0035F09F /* LaunchScreen.xib in Resources */ = {isa = PBXBuildFile; fileRef = BB1C033A1B6E56BD0035F09F /* LaunchScreen.xib */; };
		BB1C03461B6E56BD0035F09F /* Main.storyboard in Resources */ = {isa = PBXBuildFile; fileRef = BB1C033C1B6E56BD0035F09F /* Main.storyboard */; };
		BB1C03471B6E56BD0035F09F /* FacebookInit.m in Sources */ = {isa = PBXBuildFile; fileRef = BB1C03411B6E56BD0035F09F /* FacebookInit.m */; };
		BB1C03481B6E56BD0035F09F /* Images.xcassets in Resources */ = {isa = PBXBuildFile; fileRef = BB1C03431B6E56BD0035F09F /* Images.xcassets */; };
		BB1C03911B6E56CD0035F09F /* BaseViewController.swift in Sources */ = {isa = PBXBuildFile; fileRef = BB1C034A1B6E56CD0035F09F /* BaseViewController.swift */; };
		BB1C03921B6E56CD0035F09F /* CameraViewController.swift in Sources */ = {isa = PBXBuildFile; fileRef = BB1C034C1B6E56CD0035F09F /* CameraViewController.swift */; };
		BB1C03931B6E56CD0035F09F /* Media.swift in Sources */ = {isa = PBXBuildFile; fileRef = BB1C034D1B6E56CD0035F09F /* Media.swift */; };
		BB1C03941B6E56CD0035F09F /* PreviewCaptureViewController.swift in Sources */ = {isa = PBXBuildFile; fileRef = BB1C034E1B6E56CD0035F09F /* PreviewCaptureViewController.swift */; };
		BB1C03951B6E56CD0035F09F /* CreateWizzDatailViewController.swift in Sources */ = {isa = PBXBuildFile; fileRef = BB1C03501B6E56CD0035F09F /* CreateWizzDatailViewController.swift */; };
		BB1C03961B6E56CD0035F09F /* CreationWizzPeopleTableViewController.swift in Sources */ = {isa = PBXBuildFile; fileRef = BB1C03511B6E56CD0035F09F /* CreationWizzPeopleTableViewController.swift */; };
		BB1C03971B6E56CD0035F09F /* PrivacyDetailViewController.swift in Sources */ = {isa = PBXBuildFile; fileRef = BB1C03521B6E56CD0035F09F /* PrivacyDetailViewController.swift */; };
		BB1C03981B6E56CD0035F09F /* DetailMediaViewController.swift in Sources */ = {isa = PBXBuildFile; fileRef = BB1C03531B6E56CD0035F09F /* DetailMediaViewController.swift */; };
		BB1C03991B6E56CD0035F09F /* FeedNavigationViewController.swift in Sources */ = {isa = PBXBuildFile; fileRef = BB1C03541B6E56CD0035F09F /* FeedNavigationViewController.swift */; };
		BB1C039A1B6E56CD0035F09F /* FeedViewController.swift in Sources */ = {isa = PBXBuildFile; fileRef = BB1C03551B6E56CD0035F09F /* FeedViewController.swift */; };
		BB1C039B1B6E56CD0035F09F /* LoginTableViewController.swift in Sources */ = {isa = PBXBuildFile; fileRef = BB1C03571B6E56CD0035F09F /* LoginTableViewController.swift */; };
		BB1C039C1B6E56CD0035F09F /* LoginViewController23.swift in Sources */ = {isa = PBXBuildFile; fileRef = BB1C03581B6E56CD0035F09F /* LoginViewController23.swift */; };
		BB1C039D1B6E56CD0035F09F /* MainTabBarViewController.swift in Sources */ = {isa = PBXBuildFile; fileRef = BB1C035A1B6E56CD0035F09F /* MainTabBarViewController.swift */; };
		BB1C039E1B6E56CD0035F09F /* ProfileSettingTableViewController.swift in Sources */ = {isa = PBXBuildFile; fileRef = BB1C035B1B6E56CD0035F09F /* ProfileSettingTableViewController.swift */; };
		BB1C039F1B6E56CD0035F09F /* ProfileViewController.swift in Sources */ = {isa = PBXBuildFile; fileRef = BB1C035C1B6E56CD0035F09F /* ProfileViewController.swift */; };
		BB1C03A01B6E56CD0035F09F /* SelectionMediaViewController.swift in Sources */ = {isa = PBXBuildFile; fileRef = BB1C035D1B6E56CD0035F09F /* SelectionMediaViewController.swift */; };
		BB1C03A11B6E56CD0035F09F /* SettingsViewController.swift in Sources */ = {isa = PBXBuildFile; fileRef = BB1C035E1B6E56CD0035F09F /* SettingsViewController.swift */; };
		BB1C03A21B6E56CD0035F09F /* SignupTableViewController.swift in Sources */ = {isa = PBXBuildFile; fileRef = BB1C03601B6E56CD0035F09F /* SignupTableViewController.swift */; };
		BB1C03A31B6E56CD0035F09F /* SignupViewController.swift in Sources */ = {isa = PBXBuildFile; fileRef = BB1C03611B6E56CD0035F09F /* SignupViewController.swift */; };
		BB1C03A41B6E56CD0035F09F /* WizzListViewController.swift in Sources */ = {isa = PBXBuildFile; fileRef = BB1C03631B6E56CD0035F09F /* WizzListViewController.swift */; };
		BB1C03A51B6E56CD0035F09F /* GifMaker.m in Sources */ = {isa = PBXBuildFile; fileRef = BB1C03661B6E56CD0035F09F /* GifMaker.m */; };
		BB1C03A61B6E56CD0035F09F /* PhotoHelper.m in Sources */ = {isa = PBXBuildFile; fileRef = BB1C03681B6E56CD0035F09F /* PhotoHelper.m */; };
		BB1C03A71B6E56CD0035F09F /* RMActionController.m in Sources */ = {isa = PBXBuildFile; fileRef = BB1C036B1B6E56CD0035F09F /* RMActionController.m */; };
		BB1C03A81B6E56CD0035F09F /* RMDateSelectionViewController.m in Sources */ = {isa = PBXBuildFile; fileRef = BB1C036E1B6E56CD0035F09F /* RMDateSelectionViewController.m */; };
		BB1C03A91B6E56CD0035F09F /* Info.plist in Resources */ = {isa = PBXBuildFile; fileRef = BB1C03701B6E56CD0035F09F /* Info.plist */; };
		BB1C03AA1B6E56CD0035F09F /* villes_frances.json in Resources */ = {isa = PBXBuildFile; fileRef = BB1C03711B6E56CD0035F09F /* villes_frances.json */; };
		BB1C03AB1B6E56CD0035F09F /* Alert.swift in Sources */ = {isa = PBXBuildFile; fileRef = BB1C03731B6E56CD0035F09F /* Alert.swift */; };
		BB1C03AC1B6E56CD0035F09F /* DrawTextView.swift in Sources */ = {isa = PBXBuildFile; fileRef = BB1C03741B6E56CD0035F09F /* DrawTextView.swift */; };
		BB1C03AD1B6E56CD0035F09F /* FacebookAuth.swift in Sources */ = {isa = PBXBuildFile; fileRef = BB1C03751B6E56CD0035F09F /* FacebookAuth.swift */; };
		BB1C03AE1B6E56CD0035F09F /* InstanceController.swift in Sources */ = {isa = PBXBuildFile; fileRef = BB1C03761B6E56CD0035F09F /* InstanceController.swift */; };
		BB1C03AF1B6E56CD0035F09F /* ParseAuth.swift in Sources */ = {isa = PBXBuildFile; fileRef = BB1C03771B6E56CD0035F09F /* ParseAuth.swift */; };
		BB1C03B01B6E56CD0035F09F /* Result.swift in Sources */ = {isa = PBXBuildFile; fileRef = BB1C03781B6E56CD0035F09F /* Result.swift */; };
		BB1C03B11B6E56CD0035F09F /* RRLocationManager.swift in Sources */ = {isa = PBXBuildFile; fileRef = BB1C03791B6E56CD0035F09F /* RRLocationManager.swift */; };
		BB1C03B21B6E56CD0035F09F /* TextDrawer.swift in Sources */ = {isa = PBXBuildFile; fileRef = BB1C037A1B6E56CD0035F09F /* TextDrawer.swift */; };
		BB1C03B31B6E56CD0035F09F /* TextEditView.swift in Sources */ = {isa = PBXBuildFile; fileRef = BB1C037B1B6E56CD0035F09F /* TextEditView.swift */; };
		BB1C03B41B6E56CD0035F09F /* WizzemAPI.swift in Sources */ = {isa = PBXBuildFile; fileRef = BB1C037C1B6E56CD0035F09F /* WizzemAPI.swift */; };
		BB1C03B51B6E56CD0035F09F /* DetailMomentCollectionViewCell.swift in Sources */ = {isa = PBXBuildFile; fileRef = BB1C037E1B6E56CD0035F09F /* DetailMomentCollectionViewCell.swift */; };
		BB1C03B61B6E56CD0035F09F /* DetailMomentCollectionViewCell.xib in Resources */ = {isa = PBXBuildFile; fileRef = BB1C037F1B6E56CD0035F09F /* DetailMomentCollectionViewCell.xib */; };
		BB1C03B71B6E56CD0035F09F /* FeedEventTableViewCell.swift in Sources */ = {isa = PBXBuildFile; fileRef = BB1C03801B6E56CD0035F09F /* FeedEventTableViewCell.swift */; };
		BB1C03B81B6E56CD0035F09F /* HeaderCollectionReusableView.swift in Sources */ = {isa = PBXBuildFile; fileRef = BB1C03811B6E56CD0035F09F /* HeaderCollectionReusableView.swift */; };
		BB1C03B91B6E56CD0035F09F /* HeaderCollectionReusableView.xib in Resources */ = {isa = PBXBuildFile; fileRef = BB1C03821B6E56CD0035F09F /* HeaderCollectionReusableView.xib */; };
		BB1C03BA1B6E56CD0035F09F /* HeaderProfile.xib in Resources */ = {isa = PBXBuildFile; fileRef = BB1C03831B6E56CD0035F09F /* HeaderProfile.xib */; };
		BB1C03BB1B6E56CD0035F09F /* HeaderProfileView.swift in Sources */ = {isa = PBXBuildFile; fileRef = BB1C03841B6E56CD0035F09F /* HeaderProfileView.swift */; };
		BB1C03BC1B6E56CD0035F09F /* LastWizzMomentTableViewCell.swift in Sources */ = {isa = PBXBuildFile; fileRef = BB1C03851B6E56CD0035F09F /* LastWizzMomentTableViewCell.swift */; };
		BB1C03BD1B6E56CD0035F09F /* LoginButton.swift in Sources */ = {isa = PBXBuildFile; fileRef = BB1C03861B6E56CD0035F09F /* LoginButton.swift */; };
		BB1C03BE1B6E56CD0035F09F /* MediaCollectionViewCell.swift in Sources */ = {isa = PBXBuildFile; fileRef = BB1C03871B6E56CD0035F09F /* MediaCollectionViewCell.swift */; };
		BB1C03BF1B6E56CD0035F09F /* MediaTextView.swift in Sources */ = {isa = PBXBuildFile; fileRef = BB1C03881B6E56CD0035F09F /* MediaTextView.swift */; };
		BB1C03C01B6E56CD0035F09F /* MomentCell.xib in Resources */ = {isa = PBXBuildFile; fileRef = BB1C03891B6E56CD0035F09F /* MomentCell.xib */; };
		BB1C03C11B6E56CD0035F09F /* MomentFeedTableViewCell.swift in Sources */ = {isa = PBXBuildFile; fileRef = BB1C038A1B6E56CD0035F09F /* MomentFeedTableViewCell.swift */; };
		BB1C03C21B6E56CD0035F09F /* MomentFeedTableViewCell.xib in Resources */ = {isa = PBXBuildFile; fileRef = BB1C038B1B6E56CD0035F09F /* MomentFeedTableViewCell.xib */; };
		BB1C03C31B6E56CD0035F09F /* MomentTableViewCell.swift in Sources */ = {isa = PBXBuildFile; fileRef = BB1C038C1B6E56CD0035F09F /* MomentTableViewCell.swift */; };
		BB1C03C41B6E56CD0035F09F /* PreviewDetailWizzCollectionViewCell.swift in Sources */ = {isa = PBXBuildFile; fileRef = BB1C038D1B6E56CD0035F09F /* PreviewDetailWizzCollectionViewCell.swift */; };
		BB1C03C51B6E56CD0035F09F /* PreviewDetailWizzCollectionViewCell.xib in Resources */ = {isa = PBXBuildFile; fileRef = BB1C038E1B6E56CD0035F09F /* PreviewDetailWizzCollectionViewCell.xib */; };
		BB1C03C61B6E56CD0035F09F /* SelectMediaCollectionViewCell.swift in Sources */ = {isa = PBXBuildFile; fileRef = BB1C038F1B6E56CD0035F09F /* SelectMediaCollectionViewCell.swift */; };
		BB1C03C71B6E56CD0035F09F /* SelectMediaCollectionViewCell.xib in Resources */ = {isa = PBXBuildFile; fileRef = BB1C03901B6E56CD0035F09F /* SelectMediaCollectionViewCell.xib */; };
		BB5D4A441B6EA044008C89BC /* DetailProfileViewController.swift in Sources */ = {isa = PBXBuildFile; fileRef = BB5D4A431B6EA044008C89BC /* DetailProfileViewController.swift */; };
		BB621E911B94DCE2000B0567 /* DetailDescriptionViewController.swift in Sources */ = {isa = PBXBuildFile; fileRef = BB621E901B94DCE2000B0567 /* DetailDescriptionViewController.swift */; };
		BB723E3C1B7BEF7300BAA4F1 /* LoginViewController.swift in Sources */ = {isa = PBXBuildFile; fileRef = BB723E3B1B7BEF7300BAA4F1 /* LoginViewController.swift */; };
		BB73368B1B9C75AE0054EEC7 /* EventCloud.swift in Sources */ = {isa = PBXBuildFile; fileRef = BB73368A1B9C75AE0054EEC7 /* EventCloud.swift */; };
		BB73368D1B9D72730054EEC7 /* HeaderSectionEventView.swift in Sources */ = {isa = PBXBuildFile; fileRef = BB73368C1B9D72730054EEC7 /* HeaderSectionEventView.swift */; };
		BB73368F1B9D72890054EEC7 /* HeaderSectionEventView.xib in Resources */ = {isa = PBXBuildFile; fileRef = BB73368E1B9D72890054EEC7 /* HeaderSectionEventView.xib */; };
		BB7336911B9D755F0054EEC7 /* WaitBlock.swift in Sources */ = {isa = PBXBuildFile; fileRef = BB7336901B9D755F0054EEC7 /* WaitBlock.swift */; };
		BB7336971B9DCD6C0054EEC7 /* MBProgressHUD.m in Sources */ = {isa = PBXBuildFile; fileRef = BB7336941B9DCD6C0054EEC7 /* MBProgressHUD.m */; };
		BB7336981B9DCD6C0054EEC7 /* MMMaterialDesignSpinner.m in Sources */ = {isa = PBXBuildFile; fileRef = BB7336961B9DCD6C0054EEC7 /* MMMaterialDesignSpinner.m */; };
		BB98711F1B9827B800C5E492 /* Event.swift in Sources */ = {isa = PBXBuildFile; fileRef = BB98711E1B9827B800C5E492 /* Event.swift */; };
		BBB569B21B76144300626F12 /* UIViewControllerInvitation.swift in Sources */ = {isa = PBXBuildFile; fileRef = BBB569B11B76144300626F12 /* UIViewControllerInvitation.swift */; };
		BBD571EA1B77E89C00B286F9 /* libxml2.dylib in Frameworks */ = {isa = PBXBuildFile; fileRef = BBD571E91B77E89C00B286F9 /* libxml2.dylib */; };
		BBD571F11B77EB0A00B286F9 /* IM in Resources */ = {isa = PBXBuildFile; fileRef = BBD571F01B77EB0A00B286F9 /* IM */; };
		BBD571F71B77EB3900B286F9 /* libjpeg.a in Frameworks */ = {isa = PBXBuildFile; fileRef = BBD571F21B77EB3900B286F9 /* libjpeg.a */; };
		BBD571F81B77EB3900B286F9 /* libMagickCore.a in Frameworks */ = {isa = PBXBuildFile; fileRef = BBD571F31B77EB3900B286F9 /* libMagickCore.a */; };
		BBD571F91B77EB3900B286F9 /* libMagickWand.a in Frameworks */ = {isa = PBXBuildFile; fileRef = BBD571F41B77EB3900B286F9 /* libMagickWand.a */; };
		BBD571FA1B77EB3900B286F9 /* libpng.a in Frameworks */ = {isa = PBXBuildFile; fileRef = BBD571F51B77EB3900B286F9 /* libpng.a */; };
		BBD571FB1B77EB3900B286F9 /* libtiff.a in Frameworks */ = {isa = PBXBuildFile; fileRef = BBD571F61B77EB3900B286F9 /* libtiff.a */; };
		BBDD0E5C1B88B22100BB7CC0 /* MessageUI.framework in Frameworks */ = {isa = PBXBuildFile; fileRef = BBDD0E5B1B88B22100BB7CC0 /* MessageUI.framework */; };
		BBE4E3851B73F32F0042F11F /* Photos.framework in Frameworks */ = {isa = PBXBuildFile; fileRef = BBE4E3841B73F32F0042F11F /* Photos.framework */; };
		BBE4E3871B73F3370042F11F /* AssetsLibrary.framework in Frameworks */ = {isa = PBXBuildFile; fileRef = BBE4E3861B73F3370042F11F /* AssetsLibrary.framework */; };
		BBE4E3891B73F3400042F11F /* MobileCoreServices.framework in Frameworks */ = {isa = PBXBuildFile; fileRef = BBE4E3881B73F3400042F11F /* MobileCoreServices.framework */; };
		BBE4E38C1B73F36C0042F11F /* ALAssetsLibrary+CustomPhotoAlbum.m in Sources */ = {isa = PBXBuildFile; fileRef = BBE4E38B1B73F36C0042F11F /* ALAssetsLibrary+CustomPhotoAlbum.m */; };
		BBEE859B1B958F82001771B8 /* MediaUpload.swift in Sources */ = {isa = PBXBuildFile; fileRef = BBEE859A1B958F82001771B8 /* MediaUpload.swift */; };
		BBF9F4771B9599F50074CD0A /* ProgressionData.swift in Sources */ = {isa = PBXBuildFile; fileRef = BBF9F4761B9599F50074CD0A /* ProgressionData.swift */; };
		BBF9F4791B9624A00074CD0A /* PushNotification.swift in Sources */ = {isa = PBXBuildFile; fileRef = BBF9F4781B9624A00074CD0A /* PushNotification.swift */; };
		BBF9F47D1B9787100074CD0A /* FacebookEvent.swift in Sources */ = {isa = PBXBuildFile; fileRef = BBF9F47C1B9787100074CD0A /* FacebookEvent.swift */; };
/* End PBXBuildFile section */

/* Begin PBXContainerItemProxy section */
		BB1C03291B6E56310035F09F /* PBXContainerItemProxy */ = {
			isa = PBXContainerItemProxy;
			containerPortal = BB1C030B1B6E56310035F09F /* Project object */;
			proxyType = 1;
			remoteGlobalIDString = BB1C03121B6E56310035F09F;
			remoteInfo = "Wizzem-iOS";
		};
/* End PBXContainerItemProxy section */

/* Begin PBXFileReference section */
		8FC4FD53C680A81308A55C30 /* Pods.release.xcconfig */ = {isa = PBXFileReference; includeInIndex = 1; lastKnownFileType = text.xcconfig; name = Pods.release.xcconfig; path = "Pods/Target Support Files/Pods/Pods.release.xcconfig"; sourceTree = "<group>"; };
		BB136F151B774F5100987A94 /* ParticipantTableViewCell.swift */ = {isa = PBXFileReference; fileEncoding = 4; lastKnownFileType = sourcecode.swift; path = ParticipantTableViewCell.swift; sourceTree = "<group>"; };
		BB136F161B774F5100987A94 /* ParticipantTableViewCell.xib */ = {isa = PBXFileReference; fileEncoding = 4; lastKnownFileType = file.xib; path = ParticipantTableViewCell.xib; sourceTree = "<group>"; };
		BB136F1B1B7750F900987A94 /* ParticipantListViewController.swift */ = {isa = PBXFileReference; fileEncoding = 4; lastKnownFileType = sourcecode.swift; path = ParticipantListViewController.swift; sourceTree = "<group>"; };
		BB1C03131B6E56310035F09F /* Wizzem-iOS.app */ = {isa = PBXFileReference; explicitFileType = wrapper.application; includeInIndex = 0; path = "Wizzem-iOS.app"; sourceTree = BUILT_PRODUCTS_DIR; };
		BB1C03171B6E56310035F09F /* Info.plist */ = {isa = PBXFileReference; lastKnownFileType = text.plist.xml; path = Info.plist; sourceTree = "<group>"; };
		BB1C03281B6E56310035F09F /* Wizzem-iOSTests.xctest */ = {isa = PBXFileReference; explicitFileType = wrapper.cfbundle; includeInIndex = 0; path = "Wizzem-iOSTests.xctest"; sourceTree = BUILT_PRODUCTS_DIR; };
		BB1C032D1B6E56310035F09F /* Info.plist */ = {isa = PBXFileReference; lastKnownFileType = text.plist.xml; path = Info.plist; sourceTree = "<group>"; };
		BB1C032E1B6E56310035F09F /* Wizzem_iOSTests.swift */ = {isa = PBXFileReference; lastKnownFileType = sourcecode.swift; path = Wizzem_iOSTests.swift; sourceTree = "<group>"; };
		BB1C03391B6E56BD0035F09F /* AppDelegate.swift */ = {isa = PBXFileReference; fileEncoding = 4; lastKnownFileType = sourcecode.swift; path = AppDelegate.swift; sourceTree = "<group>"; };
		BB1C033B1B6E56BD0035F09F /* Base */ = {isa = PBXFileReference; lastKnownFileType = file.xib; name = Base; path = Base.lproj/LaunchScreen.xib; sourceTree = "<group>"; };
		BB1C033D1B6E56BD0035F09F /* Base */ = {isa = PBXFileReference; lastKnownFileType = file.storyboard; name = Base; path = Base.lproj/Main.storyboard; sourceTree = "<group>"; };
		BB1C033E1B6E56BD0035F09F /* Constants.h */ = {isa = PBXFileReference; fileEncoding = 4; lastKnownFileType = sourcecode.c.h; path = Constants.h; sourceTree = "<group>"; };
		BB1C03401B6E56BD0035F09F /* FacebookInit.h */ = {isa = PBXFileReference; fileEncoding = 4; lastKnownFileType = sourcecode.c.h; path = FacebookInit.h; sourceTree = "<group>"; };
		BB1C03411B6E56BD0035F09F /* FacebookInit.m */ = {isa = PBXFileReference; fileEncoding = 4; lastKnownFileType = sourcecode.c.objc; path = FacebookInit.m; sourceTree = "<group>"; };
		BB1C03421B6E56BD0035F09F /* Header.h */ = {isa = PBXFileReference; fileEncoding = 4; lastKnownFileType = sourcecode.c.h; path = Header.h; sourceTree = "<group>"; };
		BB1C03431B6E56BD0035F09F /* Images.xcassets */ = {isa = PBXFileReference; lastKnownFileType = folder.assetcatalog; path = Images.xcassets; sourceTree = "<group>"; };
		BB1C034A1B6E56CD0035F09F /* BaseViewController.swift */ = {isa = PBXFileReference; fileEncoding = 4; lastKnownFileType = sourcecode.swift; path = BaseViewController.swift; sourceTree = "<group>"; };
		BB1C034C1B6E56CD0035F09F /* CameraViewController.swift */ = {isa = PBXFileReference; fileEncoding = 4; lastKnownFileType = sourcecode.swift; path = CameraViewController.swift; sourceTree = "<group>"; };
		BB1C034D1B6E56CD0035F09F /* Media.swift */ = {isa = PBXFileReference; fileEncoding = 4; lastKnownFileType = sourcecode.swift; path = Media.swift; sourceTree = "<group>"; };
		BB1C034E1B6E56CD0035F09F /* PreviewCaptureViewController.swift */ = {isa = PBXFileReference; fileEncoding = 4; lastKnownFileType = sourcecode.swift; path = PreviewCaptureViewController.swift; sourceTree = "<group>"; };
		BB1C03501B6E56CD0035F09F /* CreateWizzDatailViewController.swift */ = {isa = PBXFileReference; fileEncoding = 4; lastKnownFileType = sourcecode.swift; path = CreateWizzDatailViewController.swift; sourceTree = "<group>"; };
		BB1C03511B6E56CD0035F09F /* CreationWizzPeopleTableViewController.swift */ = {isa = PBXFileReference; fileEncoding = 4; lastKnownFileType = sourcecode.swift; path = CreationWizzPeopleTableViewController.swift; sourceTree = "<group>"; };
		BB1C03521B6E56CD0035F09F /* PrivacyDetailViewController.swift */ = {isa = PBXFileReference; fileEncoding = 4; lastKnownFileType = sourcecode.swift; path = PrivacyDetailViewController.swift; sourceTree = "<group>"; };
		BB1C03531B6E56CD0035F09F /* DetailMediaViewController.swift */ = {isa = PBXFileReference; fileEncoding = 4; lastKnownFileType = sourcecode.swift; path = DetailMediaViewController.swift; sourceTree = "<group>"; };
		BB1C03541B6E56CD0035F09F /* FeedNavigationViewController.swift */ = {isa = PBXFileReference; fileEncoding = 4; lastKnownFileType = sourcecode.swift; path = FeedNavigationViewController.swift; sourceTree = "<group>"; };
		BB1C03551B6E56CD0035F09F /* FeedViewController.swift */ = {isa = PBXFileReference; fileEncoding = 4; lastKnownFileType = sourcecode.swift; path = FeedViewController.swift; sourceTree = "<group>"; };
		BB1C03571B6E56CD0035F09F /* LoginTableViewController.swift */ = {isa = PBXFileReference; fileEncoding = 4; lastKnownFileType = sourcecode.swift; path = LoginTableViewController.swift; sourceTree = "<group>"; };
		BB1C03581B6E56CD0035F09F /* LoginViewController23.swift */ = {isa = PBXFileReference; fileEncoding = 4; lastKnownFileType = sourcecode.swift; path = LoginViewController23.swift; sourceTree = "<group>"; };
		BB1C035A1B6E56CD0035F09F /* MainTabBarViewController.swift */ = {isa = PBXFileReference; fileEncoding = 4; lastKnownFileType = sourcecode.swift; path = MainTabBarViewController.swift; sourceTree = "<group>"; };
		BB1C035B1B6E56CD0035F09F /* ProfileSettingTableViewController.swift */ = {isa = PBXFileReference; fileEncoding = 4; lastKnownFileType = sourcecode.swift; path = ProfileSettingTableViewController.swift; sourceTree = "<group>"; };
		BB1C035C1B6E56CD0035F09F /* ProfileViewController.swift */ = {isa = PBXFileReference; fileEncoding = 4; lastKnownFileType = sourcecode.swift; path = ProfileViewController.swift; sourceTree = "<group>"; };
		BB1C035D1B6E56CD0035F09F /* SelectionMediaViewController.swift */ = {isa = PBXFileReference; fileEncoding = 4; lastKnownFileType = sourcecode.swift; path = SelectionMediaViewController.swift; sourceTree = "<group>"; };
		BB1C035E1B6E56CD0035F09F /* SettingsViewController.swift */ = {isa = PBXFileReference; fileEncoding = 4; lastKnownFileType = sourcecode.swift; path = SettingsViewController.swift; sourceTree = "<group>"; };
		BB1C03601B6E56CD0035F09F /* SignupTableViewController.swift */ = {isa = PBXFileReference; fileEncoding = 4; lastKnownFileType = sourcecode.swift; path = SignupTableViewController.swift; sourceTree = "<group>"; };
		BB1C03611B6E56CD0035F09F /* SignupViewController.swift */ = {isa = PBXFileReference; fileEncoding = 4; lastKnownFileType = sourcecode.swift; path = SignupViewController.swift; sourceTree = "<group>"; };
		BB1C03631B6E56CD0035F09F /* WizzListViewController.swift */ = {isa = PBXFileReference; fileEncoding = 4; lastKnownFileType = sourcecode.swift; path = WizzListViewController.swift; sourceTree = "<group>"; };
		BB1C03651B6E56CD0035F09F /* GifMaker.h */ = {isa = PBXFileReference; fileEncoding = 4; lastKnownFileType = sourcecode.c.h; path = GifMaker.h; sourceTree = "<group>"; };
		BB1C03661B6E56CD0035F09F /* GifMaker.m */ = {isa = PBXFileReference; fileEncoding = 4; lastKnownFileType = sourcecode.c.objc; path = GifMaker.m; sourceTree = "<group>"; };
		BB1C03671B6E56CD0035F09F /* PhotoHelper.h */ = {isa = PBXFileReference; fileEncoding = 4; lastKnownFileType = sourcecode.c.h; path = PhotoHelper.h; sourceTree = "<group>"; };
		BB1C03681B6E56CD0035F09F /* PhotoHelper.m */ = {isa = PBXFileReference; fileEncoding = 4; lastKnownFileType = sourcecode.c.objc; path = PhotoHelper.m; sourceTree = "<group>"; };
		BB1C036A1B6E56CD0035F09F /* RMActionController.h */ = {isa = PBXFileReference; fileEncoding = 4; lastKnownFileType = sourcecode.c.h; path = RMActionController.h; sourceTree = "<group>"; };
		BB1C036B1B6E56CD0035F09F /* RMActionController.m */ = {isa = PBXFileReference; fileEncoding = 4; lastKnownFileType = sourcecode.c.objc; path = RMActionController.m; sourceTree = "<group>"; };
		BB1C036D1B6E56CD0035F09F /* RMDateSelectionViewController.h */ = {isa = PBXFileReference; fileEncoding = 4; lastKnownFileType = sourcecode.c.h; path = RMDateSelectionViewController.h; sourceTree = "<group>"; };
		BB1C036E1B6E56CD0035F09F /* RMDateSelectionViewController.m */ = {isa = PBXFileReference; fileEncoding = 4; lastKnownFileType = sourcecode.c.objc; path = RMDateSelectionViewController.m; sourceTree = "<group>"; };
		BB1C03701B6E56CD0035F09F /* Info.plist */ = {isa = PBXFileReference; fileEncoding = 4; lastKnownFileType = text.plist.xml; path = Info.plist; sourceTree = "<group>"; };
		BB1C03711B6E56CD0035F09F /* villes_frances.json */ = {isa = PBXFileReference; fileEncoding = 4; lastKnownFileType = text.json; path = villes_frances.json; sourceTree = "<group>"; };
		BB1C03731B6E56CD0035F09F /* Alert.swift */ = {isa = PBXFileReference; fileEncoding = 4; lastKnownFileType = sourcecode.swift; path = Alert.swift; sourceTree = "<group>"; };
		BB1C03741B6E56CD0035F09F /* DrawTextView.swift */ = {isa = PBXFileReference; fileEncoding = 4; lastKnownFileType = sourcecode.swift; path = DrawTextView.swift; sourceTree = "<group>"; };
		BB1C03751B6E56CD0035F09F /* FacebookAuth.swift */ = {isa = PBXFileReference; fileEncoding = 4; lastKnownFileType = sourcecode.swift; path = FacebookAuth.swift; sourceTree = "<group>"; };
		BB1C03761B6E56CD0035F09F /* InstanceController.swift */ = {isa = PBXFileReference; fileEncoding = 4; lastKnownFileType = sourcecode.swift; path = InstanceController.swift; sourceTree = "<group>"; };
		BB1C03771B6E56CD0035F09F /* ParseAuth.swift */ = {isa = PBXFileReference; fileEncoding = 4; lastKnownFileType = sourcecode.swift; path = ParseAuth.swift; sourceTree = "<group>"; };
		BB1C03781B6E56CD0035F09F /* Result.swift */ = {isa = PBXFileReference; fileEncoding = 4; lastKnownFileType = sourcecode.swift; path = Result.swift; sourceTree = "<group>"; };
		BB1C03791B6E56CD0035F09F /* RRLocationManager.swift */ = {isa = PBXFileReference; fileEncoding = 4; lastKnownFileType = sourcecode.swift; path = RRLocationManager.swift; sourceTree = "<group>"; };
		BB1C037A1B6E56CD0035F09F /* TextDrawer.swift */ = {isa = PBXFileReference; fileEncoding = 4; lastKnownFileType = sourcecode.swift; path = TextDrawer.swift; sourceTree = "<group>"; };
		BB1C037B1B6E56CD0035F09F /* TextEditView.swift */ = {isa = PBXFileReference; fileEncoding = 4; lastKnownFileType = sourcecode.swift; path = TextEditView.swift; sourceTree = "<group>"; };
		BB1C037C1B6E56CD0035F09F /* WizzemAPI.swift */ = {isa = PBXFileReference; fileEncoding = 4; lastKnownFileType = sourcecode.swift; path = WizzemAPI.swift; sourceTree = "<group>"; };
		BB1C037E1B6E56CD0035F09F /* DetailMomentCollectionViewCell.swift */ = {isa = PBXFileReference; fileEncoding = 4; lastKnownFileType = sourcecode.swift; path = DetailMomentCollectionViewCell.swift; sourceTree = "<group>"; };
		BB1C037F1B6E56CD0035F09F /* DetailMomentCollectionViewCell.xib */ = {isa = PBXFileReference; fileEncoding = 4; lastKnownFileType = file.xib; path = DetailMomentCollectionViewCell.xib; sourceTree = "<group>"; };
		BB1C03801B6E56CD0035F09F /* FeedEventTableViewCell.swift */ = {isa = PBXFileReference; fileEncoding = 4; lastKnownFileType = sourcecode.swift; path = FeedEventTableViewCell.swift; sourceTree = "<group>"; };
		BB1C03811B6E56CD0035F09F /* HeaderCollectionReusableView.swift */ = {isa = PBXFileReference; fileEncoding = 4; lastKnownFileType = sourcecode.swift; path = HeaderCollectionReusableView.swift; sourceTree = "<group>"; };
		BB1C03821B6E56CD0035F09F /* HeaderCollectionReusableView.xib */ = {isa = PBXFileReference; fileEncoding = 4; lastKnownFileType = file.xib; path = HeaderCollectionReusableView.xib; sourceTree = "<group>"; };
		BB1C03831B6E56CD0035F09F /* HeaderProfile.xib */ = {isa = PBXFileReference; fileEncoding = 4; lastKnownFileType = file.xib; path = HeaderProfile.xib; sourceTree = "<group>"; };
		BB1C03841B6E56CD0035F09F /* HeaderProfileView.swift */ = {isa = PBXFileReference; fileEncoding = 4; lastKnownFileType = sourcecode.swift; path = HeaderProfileView.swift; sourceTree = "<group>"; };
		BB1C03851B6E56CD0035F09F /* LastWizzMomentTableViewCell.swift */ = {isa = PBXFileReference; fileEncoding = 4; lastKnownFileType = sourcecode.swift; path = LastWizzMomentTableViewCell.swift; sourceTree = "<group>"; };
		BB1C03861B6E56CD0035F09F /* LoginButton.swift */ = {isa = PBXFileReference; fileEncoding = 4; lastKnownFileType = sourcecode.swift; path = LoginButton.swift; sourceTree = "<group>"; };
		BB1C03871B6E56CD0035F09F /* MediaCollectionViewCell.swift */ = {isa = PBXFileReference; fileEncoding = 4; lastKnownFileType = sourcecode.swift; path = MediaCollectionViewCell.swift; sourceTree = "<group>"; };
		BB1C03881B6E56CD0035F09F /* MediaTextView.swift */ = {isa = PBXFileReference; fileEncoding = 4; lastKnownFileType = sourcecode.swift; path = MediaTextView.swift; sourceTree = "<group>"; };
		BB1C03891B6E56CD0035F09F /* MomentCell.xib */ = {isa = PBXFileReference; fileEncoding = 4; lastKnownFileType = file.xib; path = MomentCell.xib; sourceTree = "<group>"; };
		BB1C038A1B6E56CD0035F09F /* MomentFeedTableViewCell.swift */ = {isa = PBXFileReference; fileEncoding = 4; lastKnownFileType = sourcecode.swift; path = MomentFeedTableViewCell.swift; sourceTree = "<group>"; };
		BB1C038B1B6E56CD0035F09F /* MomentFeedTableViewCell.xib */ = {isa = PBXFileReference; fileEncoding = 4; lastKnownFileType = file.xib; path = MomentFeedTableViewCell.xib; sourceTree = "<group>"; };
		BB1C038C1B6E56CD0035F09F /* MomentTableViewCell.swift */ = {isa = PBXFileReference; fileEncoding = 4; lastKnownFileType = sourcecode.swift; path = MomentTableViewCell.swift; sourceTree = "<group>"; };
		BB1C038D1B6E56CD0035F09F /* PreviewDetailWizzCollectionViewCell.swift */ = {isa = PBXFileReference; fileEncoding = 4; lastKnownFileType = sourcecode.swift; path = PreviewDetailWizzCollectionViewCell.swift; sourceTree = "<group>"; };
		BB1C038E1B6E56CD0035F09F /* PreviewDetailWizzCollectionViewCell.xib */ = {isa = PBXFileReference; fileEncoding = 4; lastKnownFileType = file.xib; path = PreviewDetailWizzCollectionViewCell.xib; sourceTree = "<group>"; };
		BB1C038F1B6E56CD0035F09F /* SelectMediaCollectionViewCell.swift */ = {isa = PBXFileReference; fileEncoding = 4; lastKnownFileType = sourcecode.swift; path = SelectMediaCollectionViewCell.swift; sourceTree = "<group>"; };
		BB1C03901B6E56CD0035F09F /* SelectMediaCollectionViewCell.xib */ = {isa = PBXFileReference; fileEncoding = 4; lastKnownFileType = file.xib; path = SelectMediaCollectionViewCell.xib; sourceTree = "<group>"; };
		BB5D4A431B6EA044008C89BC /* DetailProfileViewController.swift */ = {isa = PBXFileReference; fileEncoding = 4; lastKnownFileType = sourcecode.swift; path = DetailProfileViewController.swift; sourceTree = "<group>"; };
		BB621E901B94DCE2000B0567 /* DetailDescriptionViewController.swift */ = {isa = PBXFileReference; fileEncoding = 4; lastKnownFileType = sourcecode.swift; path = DetailDescriptionViewController.swift; sourceTree = "<group>"; };
		BB723E3B1B7BEF7300BAA4F1 /* LoginViewController.swift */ = {isa = PBXFileReference; fileEncoding = 4; lastKnownFileType = sourcecode.swift; path = LoginViewController.swift; sourceTree = "<group>"; };
		BB73368A1B9C75AE0054EEC7 /* EventCloud.swift */ = {isa = PBXFileReference; fileEncoding = 4; lastKnownFileType = sourcecode.swift; path = EventCloud.swift; sourceTree = "<group>"; };
		BB73368C1B9D72730054EEC7 /* HeaderSectionEventView.swift */ = {isa = PBXFileReference; fileEncoding = 4; lastKnownFileType = sourcecode.swift; path = HeaderSectionEventView.swift; sourceTree = "<group>"; };
		BB73368E1B9D72890054EEC7 /* HeaderSectionEventView.xib */ = {isa = PBXFileReference; fileEncoding = 4; lastKnownFileType = file.xib; path = HeaderSectionEventView.xib; sourceTree = "<group>"; };
		BB7336901B9D755F0054EEC7 /* WaitBlock.swift */ = {isa = PBXFileReference; fileEncoding = 4; lastKnownFileType = sourcecode.swift; path = WaitBlock.swift; sourceTree = "<group>"; };
		BB7336931B9DCD6C0054EEC7 /* MBProgressHUD.h */ = {isa = PBXFileReference; fileEncoding = 4; lastKnownFileType = sourcecode.c.h; path = MBProgressHUD.h; sourceTree = "<group>"; };
		BB7336941B9DCD6C0054EEC7 /* MBProgressHUD.m */ = {isa = PBXFileReference; fileEncoding = 4; lastKnownFileType = sourcecode.c.objc; path = MBProgressHUD.m; sourceTree = "<group>"; };
		BB7336951B9DCD6C0054EEC7 /* MMMaterialDesignSpinner.h */ = {isa = PBXFileReference; fileEncoding = 4; lastKnownFileType = sourcecode.c.h; path = MMMaterialDesignSpinner.h; sourceTree = "<group>"; };
		BB7336961B9DCD6C0054EEC7 /* MMMaterialDesignSpinner.m */ = {isa = PBXFileReference; fileEncoding = 4; lastKnownFileType = sourcecode.c.objc; path = MMMaterialDesignSpinner.m; sourceTree = "<group>"; };
		BB98711E1B9827B800C5E492 /* Event.swift */ = {isa = PBXFileReference; fileEncoding = 4; lastKnownFileType = sourcecode.swift; path = Event.swift; sourceTree = "<group>"; };
		BBB569B11B76144300626F12 /* UIViewControllerInvitation.swift */ = {isa = PBXFileReference; fileEncoding = 4; lastKnownFileType = sourcecode.swift; path = UIViewControllerInvitation.swift; sourceTree = "<group>"; };
		BBD571E91B77E89C00B286F9 /* libxml2.dylib */ = {isa = PBXFileReference; lastKnownFileType = "compiled.mach-o.dylib"; name = libxml2.dylib; path = usr/lib/libxml2.dylib; sourceTree = SDKROOT; };
		BBD571F01B77EB0A00B286F9 /* IM */ = {isa = PBXFileReference; lastKnownFileType = folder; path = IM; sourceTree = "<group>"; };
		BBD571F21B77EB3900B286F9 /* libjpeg.a */ = {isa = PBXFileReference; lastKnownFileType = archive.ar; name = libjpeg.a; path = IM/libjpeg.a; sourceTree = "<group>"; };
		BBD571F31B77EB3900B286F9 /* libMagickCore.a */ = {isa = PBXFileReference; lastKnownFileType = archive.ar; name = libMagickCore.a; path = IM/libMagickCore.a; sourceTree = "<group>"; };
		BBD571F41B77EB3900B286F9 /* libMagickWand.a */ = {isa = PBXFileReference; lastKnownFileType = archive.ar; name = libMagickWand.a; path = IM/libMagickWand.a; sourceTree = "<group>"; };
		BBD571F51B77EB3900B286F9 /* libpng.a */ = {isa = PBXFileReference; lastKnownFileType = archive.ar; name = libpng.a; path = IM/libpng.a; sourceTree = "<group>"; };
		BBD571F61B77EB3900B286F9 /* libtiff.a */ = {isa = PBXFileReference; lastKnownFileType = archive.ar; name = libtiff.a; path = IM/libtiff.a; sourceTree = "<group>"; };
		BBDD0E5B1B88B22100BB7CC0 /* MessageUI.framework */ = {isa = PBXFileReference; lastKnownFileType = wrapper.framework; name = MessageUI.framework; path = System/Library/Frameworks/MessageUI.framework; sourceTree = SDKROOT; };
		BBE4E3841B73F32F0042F11F /* Photos.framework */ = {isa = PBXFileReference; lastKnownFileType = wrapper.framework; name = Photos.framework; path = System/Library/Frameworks/Photos.framework; sourceTree = SDKROOT; };
		BBE4E3861B73F3370042F11F /* AssetsLibrary.framework */ = {isa = PBXFileReference; lastKnownFileType = wrapper.framework; name = AssetsLibrary.framework; path = System/Library/Frameworks/AssetsLibrary.framework; sourceTree = SDKROOT; };
		BBE4E3881B73F3400042F11F /* MobileCoreServices.framework */ = {isa = PBXFileReference; lastKnownFileType = wrapper.framework; name = MobileCoreServices.framework; path = System/Library/Frameworks/MobileCoreServices.framework; sourceTree = SDKROOT; };
		BBE4E38A1B73F36C0042F11F /* ALAssetsLibrary+CustomPhotoAlbum.h */ = {isa = PBXFileReference; fileEncoding = 4; lastKnownFileType = sourcecode.c.h; path = "ALAssetsLibrary+CustomPhotoAlbum.h"; sourceTree = "<group>"; };
		BBE4E38B1B73F36C0042F11F /* ALAssetsLibrary+CustomPhotoAlbum.m */ = {isa = PBXFileReference; fileEncoding = 4; lastKnownFileType = sourcecode.c.objc; path = "ALAssetsLibrary+CustomPhotoAlbum.m"; sourceTree = "<group>"; };
		BBEE859A1B958F82001771B8 /* MediaUpload.swift */ = {isa = PBXFileReference; fileEncoding = 4; lastKnownFileType = sourcecode.swift; path = MediaUpload.swift; sourceTree = "<group>"; };
		BBF9F4761B9599F50074CD0A /* ProgressionData.swift */ = {isa = PBXFileReference; fileEncoding = 4; lastKnownFileType = sourcecode.swift; path = ProgressionData.swift; sourceTree = "<group>"; };
		BBF9F4781B9624A00074CD0A /* PushNotification.swift */ = {isa = PBXFileReference; fileEncoding = 4; lastKnownFileType = sourcecode.swift; path = PushNotification.swift; sourceTree = "<group>"; };
		BBF9F47C1B9787100074CD0A /* FacebookEvent.swift */ = {isa = PBXFileReference; fileEncoding = 4; lastKnownFileType = sourcecode.swift; path = FacebookEvent.swift; sourceTree = "<group>"; };
		C174404B633EEBC7B8903B24 /* Pods.debug.xcconfig */ = {isa = PBXFileReference; includeInIndex = 1; lastKnownFileType = text.xcconfig; name = Pods.debug.xcconfig; path = "Pods/Target Support Files/Pods/Pods.debug.xcconfig"; sourceTree = "<group>"; };
		C494A5163AF6F439845F4927 /* libPods.a */ = {isa = PBXFileReference; explicitFileType = archive.ar; includeInIndex = 0; path = libPods.a; sourceTree = BUILT_PRODUCTS_DIR; };
/* End PBXFileReference section */

/* Begin PBXFrameworksBuildPhase section */
		BB1C03101B6E56310035F09F /* Frameworks */ = {
			isa = PBXFrameworksBuildPhase;
			buildActionMask = 2147483647;
			files = (
				BBDD0E5C1B88B22100BB7CC0 /* MessageUI.framework in Frameworks */,
				BBD571F71B77EB3900B286F9 /* libjpeg.a in Frameworks */,
				BBD571F81B77EB3900B286F9 /* libMagickCore.a in Frameworks */,
				BBD571F91B77EB3900B286F9 /* libMagickWand.a in Frameworks */,
				BBD571FA1B77EB3900B286F9 /* libpng.a in Frameworks */,
				BBD571FB1B77EB3900B286F9 /* libtiff.a in Frameworks */,
				BBD571EA1B77E89C00B286F9 /* libxml2.dylib in Frameworks */,
				BBE4E3891B73F3400042F11F /* MobileCoreServices.framework in Frameworks */,
				BBE4E3871B73F3370042F11F /* AssetsLibrary.framework in Frameworks */,
				BBE4E3851B73F32F0042F11F /* Photos.framework in Frameworks */,
				9DA0B2CEF94C1C6AB493C5B7 /* libPods.a in Frameworks */,
			);
			runOnlyForDeploymentPostprocessing = 0;
		};
		BB1C03251B6E56310035F09F /* Frameworks */ = {
			isa = PBXFrameworksBuildPhase;
			buildActionMask = 2147483647;
			files = (
			);
			runOnlyForDeploymentPostprocessing = 0;
		};
/* End PBXFrameworksBuildPhase section */

/* Begin PBXGroup section */
		AB6D8265959EAEBE76ECFCA0 /* Frameworks */ = {
			isa = PBXGroup;
			children = (
				BBDD0E5B1B88B22100BB7CC0 /* MessageUI.framework */,
				BBD571F21B77EB3900B286F9 /* libjpeg.a */,
				BBD571F31B77EB3900B286F9 /* libMagickCore.a */,
				BBD571F41B77EB3900B286F9 /* libMagickWand.a */,
				BBD571F51B77EB3900B286F9 /* libpng.a */,
				BBD571F61B77EB3900B286F9 /* libtiff.a */,
				BBD571F01B77EB0A00B286F9 /* IM */,
				BBD571E91B77E89C00B286F9 /* libxml2.dylib */,
				BBE4E3881B73F3400042F11F /* MobileCoreServices.framework */,
				BBE4E3861B73F3370042F11F /* AssetsLibrary.framework */,
				BBE4E3841B73F32F0042F11F /* Photos.framework */,
				C494A5163AF6F439845F4927 /* libPods.a */,
			);
			name = Frameworks;
			sourceTree = "<group>";
		};
		BB1C030A1B6E56310035F09F = {
			isa = PBXGroup;
			children = (
				BB1C03151B6E56310035F09F /* Wizzem-iOS */,
				BB1C032B1B6E56310035F09F /* Wizzem-iOSTests */,
				BB1C03141B6E56310035F09F /* Products */,
				E57ADCFF320CA358D2D46F3F /* Pods */,
				AB6D8265959EAEBE76ECFCA0 /* Frameworks */,
			);
			sourceTree = "<group>";
		};
		BB1C03141B6E56310035F09F /* Products */ = {
			isa = PBXGroup;
			children = (
				BB1C03131B6E56310035F09F /* Wizzem-iOS.app */,
				BB1C03281B6E56310035F09F /* Wizzem-iOSTests.xctest */,
			);
			name = Products;
			sourceTree = "<group>";
		};
		BB1C03151B6E56310035F09F /* Wizzem-iOS */ = {
			isa = PBXGroup;
			children = (
				BB1C03491B6E56CD0035F09F /* Controllers */,
				BB1C03641B6E56CD0035F09F /* libs */,
				BB1C036F1B6E56CD0035F09F /* Supporting Files */,
				BB1C03721B6E56CD0035F09F /* Utils */,
				BB1C037D1B6E56CD0035F09F /* Views */,
				BB1C03381B6E56BD0035F09F /* Application */,
				BB1C03161B6E56310035F09F /* Supporting Files */,
			);
			path = "Wizzem-iOS";
			sourceTree = "<group>";
		};
		BB1C03161B6E56310035F09F /* Supporting Files */ = {
			isa = PBXGroup;
			children = (
				BB1C03171B6E56310035F09F /* Info.plist */,
			);
			name = "Supporting Files";
			sourceTree = "<group>";
		};
		BB1C032B1B6E56310035F09F /* Wizzem-iOSTests */ = {
			isa = PBXGroup;
			children = (
				BB1C032E1B6E56310035F09F /* Wizzem_iOSTests.swift */,
				BB1C032C1B6E56310035F09F /* Supporting Files */,
			);
			path = "Wizzem-iOSTests";
			sourceTree = "<group>";
		};
		BB1C032C1B6E56310035F09F /* Supporting Files */ = {
			isa = PBXGroup;
			children = (
				BB1C032D1B6E56310035F09F /* Info.plist */,
			);
			name = "Supporting Files";
			sourceTree = "<group>";
		};
		BB1C03381B6E56BD0035F09F /* Application */ = {
			isa = PBXGroup;
			children = (
				BB1C03391B6E56BD0035F09F /* AppDelegate.swift */,
				BBB569B11B76144300626F12 /* UIViewControllerInvitation.swift */,
				BB1C033A1B6E56BD0035F09F /* LaunchScreen.xib */,
				BB1C033C1B6E56BD0035F09F /* Main.storyboard */,
				BB1C033E1B6E56BD0035F09F /* Constants.h */,
				BB1C033F1B6E56BD0035F09F /* FacebookInit */,
				BB1C03421B6E56BD0035F09F /* Header.h */,
				BB1C03431B6E56BD0035F09F /* Images.xcassets */,
			);
			path = Application;
			sourceTree = "<group>";
		};
		BB1C033F1B6E56BD0035F09F /* FacebookInit */ = {
			isa = PBXGroup;
			children = (
				BB1C03401B6E56BD0035F09F /* FacebookInit.h */,
				BB1C03411B6E56BD0035F09F /* FacebookInit.m */,
			);
			path = FacebookInit;
			sourceTree = "<group>";
		};
		BB1C03491B6E56CD0035F09F /* Controllers */ = {
			isa = PBXGroup;
			children = (
				BB5D4A431B6EA044008C89BC /* DetailProfileViewController.swift */,
				BB1C034A1B6E56CD0035F09F /* BaseViewController.swift */,
				BB1C034B1B6E56CD0035F09F /* CameraController */,
				BB1C034F1B6E56CD0035F09F /* CreationWizzController */,
				BB1C03531B6E56CD0035F09F /* DetailMediaViewController.swift */,
				BB621E901B94DCE2000B0567 /* DetailDescriptionViewController.swift */,
				BB1C03541B6E56CD0035F09F /* FeedNavigationViewController.swift */,
				BB1C03551B6E56CD0035F09F /* FeedViewController.swift */,
				BB1C03561B6E56CD0035F09F /* LoginController */,
				BB1C03591B6E56CD0035F09F /* ProfileControllers */,
				BB1C035B1B6E56CD0035F09F /* ProfileSettingTableViewController.swift */,
				BB1C035C1B6E56CD0035F09F /* ProfileViewController.swift */,
				BB1C035D1B6E56CD0035F09F /* SelectionMediaViewController.swift */,
				BB1C035E1B6E56CD0035F09F /* SettingsViewController.swift */,
				BB136F1B1B7750F900987A94 /* ParticipantListViewController.swift */,
				BB1C035F1B6E56CD0035F09F /* signupController */,
				BB1C03621B6E56CD0035F09F /* WizzController */,
			);
			path = Controllers;
			sourceTree = "<group>";
		};
		BB1C034B1B6E56CD0035F09F /* CameraController */ = {
			isa = PBXGroup;
			children = (
				BB1C034C1B6E56CD0035F09F /* CameraViewController.swift */,
				BB1C034D1B6E56CD0035F09F /* Media.swift */,
				BB1C034E1B6E56CD0035F09F /* PreviewCaptureViewController.swift */,
			);
			path = CameraController;
			sourceTree = "<group>";
		};
		BB1C034F1B6E56CD0035F09F /* CreationWizzController */ = {
			isa = PBXGroup;
			children = (
				BB1C03501B6E56CD0035F09F /* CreateWizzDatailViewController.swift */,
				BB1C03511B6E56CD0035F09F /* CreationWizzPeopleTableViewController.swift */,
				BB1C03521B6E56CD0035F09F /* PrivacyDetailViewController.swift */,
			);
			path = CreationWizzController;
			sourceTree = "<group>";
		};
		BB1C03561B6E56CD0035F09F /* LoginController */ = {
			isa = PBXGroup;
			children = (
				BB1C03571B6E56CD0035F09F /* LoginTableViewController.swift */,
				BB1C03581B6E56CD0035F09F /* LoginViewController23.swift */,
			);
			path = LoginController;
			sourceTree = "<group>";
		};
		BB1C03591B6E56CD0035F09F /* ProfileControllers */ = {
			isa = PBXGroup;
			children = (
				BB1C035A1B6E56CD0035F09F /* MainTabBarViewController.swift */,
			);
			path = ProfileControllers;
			sourceTree = "<group>";
		};
		BB1C035F1B6E56CD0035F09F /* signupController */ = {
			isa = PBXGroup;
			children = (
				BB1C03601B6E56CD0035F09F /* SignupTableViewController.swift */,
				BB1C03611B6E56CD0035F09F /* SignupViewController.swift */,
				BB723E3B1B7BEF7300BAA4F1 /* LoginViewController.swift */,
			);
			path = signupController;
			sourceTree = "<group>";
		};
		BB1C03621B6E56CD0035F09F /* WizzController */ = {
			isa = PBXGroup;
			children = (
				BB1C03631B6E56CD0035F09F /* WizzListViewController.swift */,
			);
			path = WizzController;
			sourceTree = "<group>";
		};
		BB1C03641B6E56CD0035F09F /* libs */ = {
			isa = PBXGroup;
			children = (
				BB7336921B9DCD4D0054EEC7 /* MBProgressHUD */,
				BB1C03651B6E56CD0035F09F /* GifMaker.h */,
				BB1C03661B6E56CD0035F09F /* GifMaker.m */,
				BB1C03671B6E56CD0035F09F /* PhotoHelper.h */,
				BB1C03681B6E56CD0035F09F /* PhotoHelper.m */,
				BB1C03691B6E56CD0035F09F /* RMActionController */,
				BB1C036C1B6E56CD0035F09F /* RMDateSelectionViewController */,
			);
			path = libs;
			sourceTree = "<group>";
		};
		BB1C03691B6E56CD0035F09F /* RMActionController */ = {
			isa = PBXGroup;
			children = (
				BB1C036A1B6E56CD0035F09F /* RMActionController.h */,
				BB1C036B1B6E56CD0035F09F /* RMActionController.m */,
			);
			path = RMActionController;
			sourceTree = "<group>";
		};
		BB1C036C1B6E56CD0035F09F /* RMDateSelectionViewController */ = {
			isa = PBXGroup;
			children = (
				BB1C036D1B6E56CD0035F09F /* RMDateSelectionViewController.h */,
				BB1C036E1B6E56CD0035F09F /* RMDateSelectionViewController.m */,
			);
			path = RMDateSelectionViewController;
			sourceTree = "<group>";
		};
		BB1C036F1B6E56CD0035F09F /* Supporting Files */ = {
			isa = PBXGroup;
			children = (
				BB1C03701B6E56CD0035F09F /* Info.plist */,
				BB1C03711B6E56CD0035F09F /* villes_frances.json */,
			);
			path = "Supporting Files";
			sourceTree = "<group>";
		};
		BB1C03721B6E56CD0035F09F /* Utils */ = {
			isa = PBXGroup;
			children = (
				BB98711D1B9827AF00C5E492 /* Model */,
				BBE4E38A1B73F36C0042F11F /* ALAssetsLibrary+CustomPhotoAlbum.h */,
				BBE4E38B1B73F36C0042F11F /* ALAssetsLibrary+CustomPhotoAlbum.m */,
				BB1C03731B6E56CD0035F09F /* Alert.swift */,
				BB7336901B9D755F0054EEC7 /* WaitBlock.swift */,
				BB1C03741B6E56CD0035F09F /* DrawTextView.swift */,
				BB1C03751B6E56CD0035F09F /* FacebookAuth.swift */,
				BB1C03761B6E56CD0035F09F /* InstanceController.swift */,
				BB1C03771B6E56CD0035F09F /* ParseAuth.swift */,
				BB1C03781B6E56CD0035F09F /* Result.swift */,
				BB1C03791B6E56CD0035F09F /* RRLocationManager.swift */,
				BB1C037A1B6E56CD0035F09F /* TextDrawer.swift */,
				BB1C037B1B6E56CD0035F09F /* TextEditView.swift */,
				BB1C037C1B6E56CD0035F09F /* WizzemAPI.swift */,
				BBEE859A1B958F82001771B8 /* MediaUpload.swift */,
				BBF9F4761B9599F50074CD0A /* ProgressionData.swift */,
				BBF9F4781B9624A00074CD0A /* PushNotification.swift */,
				BBF9F47C1B9787100074CD0A /* FacebookEvent.swift */,
				BB73368A1B9C75AE0054EEC7 /* EventCloud.swift */,
			);
			path = Utils;
			sourceTree = "<group>";
		};
		BB1C037D1B6E56CD0035F09F /* Views */ = {
			isa = PBXGroup;
			children = (
				BB1C037E1B6E56CD0035F09F /* DetailMomentCollectionViewCell.swift */,
				BB1C037F1B6E56CD0035F09F /* DetailMomentCollectionViewCell.xib */,
				BB1C03801B6E56CD0035F09F /* FeedEventTableViewCell.swift */,
				BB1C03811B6E56CD0035F09F /* HeaderCollectionReusableView.swift */,
				BB1C03821B6E56CD0035F09F /* HeaderCollectionReusableView.xib */,
				BB1C03831B6E56CD0035F09F /* HeaderProfile.xib */,
				BB1C03841B6E56CD0035F09F /* HeaderProfileView.swift */,
				BB1C03851B6E56CD0035F09F /* LastWizzMomentTableViewCell.swift */,
				BB1C03861B6E56CD0035F09F /* LoginButton.swift */,
				BB1C03871B6E56CD0035F09F /* MediaCollectionViewCell.swift */,
				BB1C03881B6E56CD0035F09F /* MediaTextView.swift */,
				BB1C03891B6E56CD0035F09F /* MomentCell.xib */,
				BB1C038A1B6E56CD0035F09F /* MomentFeedTableViewCell.swift */,
				BB1C038B1B6E56CD0035F09F /* MomentFeedTableViewCell.xib */,
				BB1C038C1B6E56CD0035F09F /* MomentTableViewCell.swift */,
				BB1C038D1B6E56CD0035F09F /* PreviewDetailWizzCollectionViewCell.swift */,
				BB1C038E1B6E56CD0035F09F /* PreviewDetailWizzCollectionViewCell.xib */,
				BB1C038F1B6E56CD0035F09F /* SelectMediaCollectionViewCell.swift */,
				BB1C03901B6E56CD0035F09F /* SelectMediaCollectionViewCell.xib */,
				BB136F151B774F5100987A94 /* ParticipantTableViewCell.swift */,
				BB136F161B774F5100987A94 /* ParticipantTableViewCell.xib */,
				BB73368C1B9D72730054EEC7 /* HeaderSectionEventView.swift */,
				BB73368E1B9D72890054EEC7 /* HeaderSectionEventView.xib */,
			);
			path = Views;
			sourceTree = "<group>";
		};
		BB7336921B9DCD4D0054EEC7 /* MBProgressHUD */ = {
			isa = PBXGroup;
			children = (
				BB7336931B9DCD6C0054EEC7 /* MBProgressHUD.h */,
				BB7336941B9DCD6C0054EEC7 /* MBProgressHUD.m */,
				BB7336951B9DCD6C0054EEC7 /* MMMaterialDesignSpinner.h */,
				BB7336961B9DCD6C0054EEC7 /* MMMaterialDesignSpinner.m */,
			);
			name = MBProgressHUD;
			sourceTree = "<group>";
		};
		BB98711D1B9827AF00C5E492 /* Model */ = {
			isa = PBXGroup;
			children = (
				BB98711E1B9827B800C5E492 /* Event.swift */,
			);
			name = Model;
			sourceTree = "<group>";
		};
		E57ADCFF320CA358D2D46F3F /* Pods */ = {
			isa = PBXGroup;
			children = (
				C174404B633EEBC7B8903B24 /* Pods.debug.xcconfig */,
				8FC4FD53C680A81308A55C30 /* Pods.release.xcconfig */,
			);
			name = Pods;
			sourceTree = "<group>";
		};
/* End PBXGroup section */

/* Begin PBXNativeTarget section */
		BB1C03121B6E56310035F09F /* Wizzem-iOS */ = {
			isa = PBXNativeTarget;
			buildConfigurationList = BB1C03321B6E56310035F09F /* Build configuration list for PBXNativeTarget "Wizzem-iOS" */;
			buildPhases = (
				EF4A63A86131D37520A68252 /* Check Pods Manifest.lock */,
				BB1C030F1B6E56310035F09F /* Sources */,
				BB1C03101B6E56310035F09F /* Frameworks */,
				BB1C03111B6E56310035F09F /* Resources */,
				B3D072EF0123A7210E243BF2 /* Copy Pods Resources */,
			);
			buildRules = (
			);
			dependencies = (
			);
			name = "Wizzem-iOS";
			productName = "Wizzem-iOS";
			productReference = BB1C03131B6E56310035F09F /* Wizzem-iOS.app */;
			productType = "com.apple.product-type.application";
		};
		BB1C03271B6E56310035F09F /* Wizzem-iOSTests */ = {
			isa = PBXNativeTarget;
			buildConfigurationList = BB1C03351B6E56310035F09F /* Build configuration list for PBXNativeTarget "Wizzem-iOSTests" */;
			buildPhases = (
				BB1C03241B6E56310035F09F /* Sources */,
				BB1C03251B6E56310035F09F /* Frameworks */,
				BB1C03261B6E56310035F09F /* Resources */,
			);
			buildRules = (
			);
			dependencies = (
				BB1C032A1B6E56310035F09F /* PBXTargetDependency */,
			);
			name = "Wizzem-iOSTests";
			productName = "Wizzem-iOSTests";
			productReference = BB1C03281B6E56310035F09F /* Wizzem-iOSTests.xctest */;
			productType = "com.apple.product-type.bundle.unit-test";
		};
/* End PBXNativeTarget section */

/* Begin PBXProject section */
		BB1C030B1B6E56310035F09F /* Project object */ = {
			isa = PBXProject;
			attributes = {
				LastSwiftUpdateCheck = 0700;
				LastUpgradeCheck = 0640;
				ORGANIZATIONNAME = "Remi Robert";
				TargetAttributes = {
					BB1C03121B6E56310035F09F = {
						CreatedOnToolsVersion = 6.4;
						DevelopmentTeam = LYE79VW645;
					};
					BB1C03271B6E56310035F09F = {
						CreatedOnToolsVersion = 6.4;
						DevelopmentTeam = LYE79VW645;
						TestTargetID = BB1C03121B6E56310035F09F;
					};
				};
			};
			buildConfigurationList = BB1C030E1B6E56310035F09F /* Build configuration list for PBXProject "Wizzem-iOS" */;
			compatibilityVersion = "Xcode 3.2";
			developmentRegion = English;
			hasScannedForEncodings = 0;
			knownRegions = (
				en,
				Base,
			);
			mainGroup = BB1C030A1B6E56310035F09F;
			productRefGroup = BB1C03141B6E56310035F09F /* Products */;
			projectDirPath = "";
			projectRoot = "";
			targets = (
				BB1C03121B6E56310035F09F /* Wizzem-iOS */,
				BB1C03271B6E56310035F09F /* Wizzem-iOSTests */,
			);
		};
/* End PBXProject section */

/* Begin PBXResourcesBuildPhase section */
		BB1C03111B6E56310035F09F /* Resources */ = {
			isa = PBXResourcesBuildPhase;
			buildActionMask = 2147483647;
			files = (
				BB1C03B91B6E56CD0035F09F /* HeaderCollectionReusableView.xib in Resources */,
				BB1C03A91B6E56CD0035F09F /* Info.plist in Resources */,
				BB1C03B61B6E56CD0035F09F /* DetailMomentCollectionViewCell.xib in Resources */,
				BB136F181B774F5100987A94 /* ParticipantTableViewCell.xib in Resources */,
				BB1C03C71B6E56CD0035F09F /* SelectMediaCollectionViewCell.xib in Resources */,
				BB1C03C21B6E56CD0035F09F /* MomentFeedTableViewCell.xib in Resources */,
				BB1C03481B6E56BD0035F09F /* Images.xcassets in Resources */,
				BB1C03BA1B6E56CD0035F09F /* HeaderProfile.xib in Resources */,
				BB1C03C01B6E56CD0035F09F /* MomentCell.xib in Resources */,
				BB1C03451B6E56BD0035F09F /* LaunchScreen.xib in Resources */,
				BBD571F11B77EB0A00B286F9 /* IM in Resources */,
				BB1C03461B6E56BD0035F09F /* Main.storyboard in Resources */,
				BB73368F1B9D72890054EEC7 /* HeaderSectionEventView.xib in Resources */,
				BB1C03AA1B6E56CD0035F09F /* villes_frances.json in Resources */,
				BB1C03C51B6E56CD0035F09F /* PreviewDetailWizzCollectionViewCell.xib in Resources */,
			);
			runOnlyForDeploymentPostprocessing = 0;
		};
		BB1C03261B6E56310035F09F /* Resources */ = {
			isa = PBXResourcesBuildPhase;
			buildActionMask = 2147483647;
			files = (
			);
			runOnlyForDeploymentPostprocessing = 0;
		};
/* End PBXResourcesBuildPhase section */

/* Begin PBXShellScriptBuildPhase section */
		B3D072EF0123A7210E243BF2 /* Copy Pods Resources */ = {
			isa = PBXShellScriptBuildPhase;
			buildActionMask = 2147483647;
			files = (
			);
			inputPaths = (
			);
			name = "Copy Pods Resources";
			outputPaths = (
			);
			runOnlyForDeploymentPostprocessing = 0;
			shellPath = /bin/sh;
			shellScript = "\"${SRCROOT}/Pods/Target Support Files/Pods/Pods-resources.sh\"\n";
			showEnvVarsInLog = 0;
		};
		EF4A63A86131D37520A68252 /* Check Pods Manifest.lock */ = {
			isa = PBXShellScriptBuildPhase;
			buildActionMask = 2147483647;
			files = (
			);
			inputPaths = (
			);
			name = "Check Pods Manifest.lock";
			outputPaths = (
			);
			runOnlyForDeploymentPostprocessing = 0;
			shellPath = /bin/sh;
			shellScript = "diff \"${PODS_ROOT}/../Podfile.lock\" \"${PODS_ROOT}/Manifest.lock\" > /dev/null\nif [[ $? != 0 ]] ; then\n    cat << EOM\nerror: The sandbox is not in sync with the Podfile.lock. Run 'pod install' or update your CocoaPods installation.\nEOM\n    exit 1\nfi\n";
			showEnvVarsInLog = 0;
		};
/* End PBXShellScriptBuildPhase section */

/* Begin PBXSourcesBuildPhase section */
		BB1C030F1B6E56310035F09F /* Sources */ = {
			isa = PBXSourcesBuildPhase;
			buildActionMask = 2147483647;
			files = (
				BB73368D1B9D72730054EEC7 /* HeaderSectionEventView.swift in Sources */,
				BB723E3C1B7BEF7300BAA4F1 /* LoginViewController.swift in Sources */,
				BB1C03A41B6E56CD0035F09F /* WizzListViewController.swift in Sources */,
				BBB569B21B76144300626F12 /* UIViewControllerInvitation.swift in Sources */,
				BB1C03C31B6E56CD0035F09F /* MomentTableViewCell.swift in Sources */,
				BB7336981B9DCD6C0054EEC7 /* MMMaterialDesignSpinner.m in Sources */,
				BB98711F1B9827B800C5E492 /* Event.swift in Sources */,
				BB1C039D1B6E56CD0035F09F /* MainTabBarViewController.swift in Sources */,
				BB1C03B41B6E56CD0035F09F /* WizzemAPI.swift in Sources */,
				BB1C039C1B6E56CD0035F09F /* LoginViewController23.swift in Sources */,
				BB1C03BC1B6E56CD0035F09F /* LastWizzMomentTableViewCell.swift in Sources */,
				BB1C03941B6E56CD0035F09F /* PreviewCaptureViewController.swift in Sources */,
				BBF9F4771B9599F50074CD0A /* ProgressionData.swift in Sources */,
				BB1C03971B6E56CD0035F09F /* PrivacyDetailViewController.swift in Sources */,
				BB1C03441B6E56BD0035F09F /* AppDelegate.swift in Sources */,
				BB1C03BB1B6E56CD0035F09F /* HeaderProfileView.swift in Sources */,
				BB1C03B01B6E56CD0035F09F /* Result.swift in Sources */,
				BB1C03B11B6E56CD0035F09F /* RRLocationManager.swift in Sources */,
				BB1C03A11B6E56CD0035F09F /* SettingsViewController.swift in Sources */,
				BB7336911B9D755F0054EEC7 /* WaitBlock.swift in Sources */,
				BB1C03C61B6E56CD0035F09F /* SelectMediaCollectionViewCell.swift in Sources */,
				BB1C03951B6E56CD0035F09F /* CreateWizzDatailViewController.swift in Sources */,
				BB1C03A51B6E56CD0035F09F /* GifMaker.m in Sources */,
				BB136F1C1B7750F900987A94 /* ParticipantListViewController.swift in Sources */,
				BB1C03C11B6E56CD0035F09F /* MomentFeedTableViewCell.swift in Sources */,
				BB1C03AB1B6E56CD0035F09F /* Alert.swift in Sources */,
				BB1C03981B6E56CD0035F09F /* DetailMediaViewController.swift in Sources */,
				BB1C03A81B6E56CD0035F09F /* RMDateSelectionViewController.m in Sources */,
				BB1C03A61B6E56CD0035F09F /* PhotoHelper.m in Sources */,
				BB1C039F1B6E56CD0035F09F /* ProfileViewController.swift in Sources */,
				BB1C03AD1B6E56CD0035F09F /* FacebookAuth.swift in Sources */,
				BB1C03C41B6E56CD0035F09F /* PreviewDetailWizzCollectionViewCell.swift in Sources */,
				BB1C03A01B6E56CD0035F09F /* SelectionMediaViewController.swift in Sources */,
				BB1C03AF1B6E56CD0035F09F /* ParseAuth.swift in Sources */,
				BB1C039B1B6E56CD0035F09F /* LoginTableViewController.swift in Sources */,
				BBEE859B1B958F82001771B8 /* MediaUpload.swift in Sources */,
				BB621E911B94DCE2000B0567 /* DetailDescriptionViewController.swift in Sources */,
				BB1C039E1B6E56CD0035F09F /* ProfileSettingTableViewController.swift in Sources */,
				BBF9F4791B9624A00074CD0A /* PushNotification.swift in Sources */,
				BB1C03B51B6E56CD0035F09F /* DetailMomentCollectionViewCell.swift in Sources */,
				BB1C03B21B6E56CD0035F09F /* TextDrawer.swift in Sources */,
				BB1C03961B6E56CD0035F09F /* CreationWizzPeopleTableViewController.swift in Sources */,
				BB1C03921B6E56CD0035F09F /* CameraViewController.swift in Sources */,
				BB1C03AC1B6E56CD0035F09F /* DrawTextView.swift in Sources */,
				BB1C03471B6E56BD0035F09F /* FacebookInit.m in Sources */,
				BB1C03AE1B6E56CD0035F09F /* InstanceController.swift in Sources */,
				BBF9F47D1B9787100074CD0A /* FacebookEvent.swift in Sources */,
				BB1C03A31B6E56CD0035F09F /* SignupViewController.swift in Sources */,
				BB7336971B9DCD6C0054EEC7 /* MBProgressHUD.m in Sources */,
				BB1C03B71B6E56CD0035F09F /* FeedEventTableViewCell.swift in Sources */,
				BB1C03B81B6E56CD0035F09F /* HeaderCollectionReusableView.swift in Sources */,
				BB1C03BF1B6E56CD0035F09F /* MediaTextView.swift in Sources */,
				BB1C03BE1B6E56CD0035F09F /* MediaCollectionViewCell.swift in Sources */,
				BB1C03991B6E56CD0035F09F /* FeedNavigationViewController.swift in Sources */,
				BB1C03B31B6E56CD0035F09F /* TextEditView.swift in Sources */,
				BB5D4A441B6EA044008C89BC /* DetailProfileViewController.swift in Sources */,
				BB1C03911B6E56CD0035F09F /* BaseViewController.swift in Sources */,
				BB1C03BD1B6E56CD0035F09F /* LoginButton.swift in Sources */,
				BBE4E38C1B73F36C0042F11F /* ALAssetsLibrary+CustomPhotoAlbum.m in Sources */,
				BB73368B1B9C75AE0054EEC7 /* EventCloud.swift in Sources */,
				BB136F171B774F5100987A94 /* ParticipantTableViewCell.swift in Sources */,
				BB1C039A1B6E56CD0035F09F /* FeedViewController.swift in Sources */,
				BB1C03931B6E56CD0035F09F /* Media.swift in Sources */,
				BB1C03A21B6E56CD0035F09F /* SignupTableViewController.swift in Sources */,
				BB1C03A71B6E56CD0035F09F /* RMActionController.m in Sources */,
			);
			runOnlyForDeploymentPostprocessing = 0;
		};
		BB1C03241B6E56310035F09F /* Sources */ = {
			isa = PBXSourcesBuildPhase;
			buildActionMask = 2147483647;
			files = (
				BB1C032F1B6E56310035F09F /* Wizzem_iOSTests.swift in Sources */,
			);
			runOnlyForDeploymentPostprocessing = 0;
		};
/* End PBXSourcesBuildPhase section */

/* Begin PBXTargetDependency section */
		BB1C032A1B6E56310035F09F /* PBXTargetDependency */ = {
			isa = PBXTargetDependency;
			target = BB1C03121B6E56310035F09F /* Wizzem-iOS */;
			targetProxy = BB1C03291B6E56310035F09F /* PBXContainerItemProxy */;
		};
/* End PBXTargetDependency section */

/* Begin PBXVariantGroup section */
		BB1C033A1B6E56BD0035F09F /* LaunchScreen.xib */ = {
			isa = PBXVariantGroup;
			children = (
				BB1C033B1B6E56BD0035F09F /* Base */,
			);
			name = LaunchScreen.xib;
			sourceTree = "<group>";
		};
		BB1C033C1B6E56BD0035F09F /* Main.storyboard */ = {
			isa = PBXVariantGroup;
			children = (
				BB1C033D1B6E56BD0035F09F /* Base */,
			);
			name = Main.storyboard;
			sourceTree = "<group>";
		};
/* End PBXVariantGroup section */

/* Begin XCBuildConfiguration section */
		BB1C03301B6E56310035F09F /* Debug */ = {
			isa = XCBuildConfiguration;
			buildSettings = {
				ALWAYS_SEARCH_USER_PATHS = NO;
				CLANG_CXX_LANGUAGE_STANDARD = "gnu++0x";
				CLANG_CXX_LIBRARY = "libc++";
				CLANG_ENABLE_MODULES = YES;
				CLANG_ENABLE_OBJC_ARC = YES;
				CLANG_WARN_BOOL_CONVERSION = YES;
				CLANG_WARN_CONSTANT_CONVERSION = YES;
				CLANG_WARN_DIRECT_OBJC_ISA_USAGE = YES_ERROR;
				CLANG_WARN_EMPTY_BODY = YES;
				CLANG_WARN_ENUM_CONVERSION = YES;
				CLANG_WARN_INT_CONVERSION = YES;
				CLANG_WARN_OBJC_ROOT_CLASS = YES_ERROR;
				CLANG_WARN_UNREACHABLE_CODE = YES;
				CLANG_WARN__DUPLICATE_METHOD_MATCH = YES;
				CODE_SIGN_IDENTITY = "iPhone Developer: Vincent Dionis (GDPNZCGN4S)";
				"CODE_SIGN_IDENTITY[sdk=iphoneos*]" = "iPhone Developer: Vincent Dionis (GDPNZCGN4S)";
				COPY_PHASE_STRIP = NO;
				DEBUG_INFORMATION_FORMAT = "dwarf-with-dsym";
				ENABLE_STRICT_OBJC_MSGSEND = YES;
				GCC_C_LANGUAGE_STANDARD = gnu99;
				GCC_DYNAMIC_NO_PIC = NO;
				GCC_NO_COMMON_BLOCKS = YES;
				GCC_OPTIMIZATION_LEVEL = 0;
				GCC_PREPROCESSOR_DEFINITIONS = (
					"DEBUG=1",
					"$(inherited)",
				);
				GCC_SYMBOLS_PRIVATE_EXTERN = NO;
				GCC_WARN_64_TO_32_BIT_CONVERSION = YES;
				GCC_WARN_ABOUT_RETURN_TYPE = YES_ERROR;
				GCC_WARN_UNDECLARED_SELECTOR = YES;
				GCC_WARN_UNINITIALIZED_AUTOS = YES_AGGRESSIVE;
				GCC_WARN_UNUSED_FUNCTION = YES;
				GCC_WARN_UNUSED_VARIABLE = YES;
				IPHONEOS_DEPLOYMENT_TARGET = 8.0;
				MTL_ENABLE_DEBUG_INFO = YES;
				ONLY_ACTIVE_ARCH = YES;
				PROVISIONING_PROFILE = "44d64cb5-cd4d-4964-aa9a-14a6536802c0";
				SDKROOT = iphoneos;
				SWIFT_OPTIMIZATION_LEVEL = "-Onone";
			};
			name = Debug;
		};
		BB1C03311B6E56310035F09F /* Release */ = {
			isa = XCBuildConfiguration;
			buildSettings = {
				ALWAYS_SEARCH_USER_PATHS = NO;
				CLANG_CXX_LANGUAGE_STANDARD = "gnu++0x";
				CLANG_CXX_LIBRARY = "libc++";
				CLANG_ENABLE_MODULES = YES;
				CLANG_ENABLE_OBJC_ARC = YES;
				CLANG_WARN_BOOL_CONVERSION = YES;
				CLANG_WARN_CONSTANT_CONVERSION = YES;
				CLANG_WARN_DIRECT_OBJC_ISA_USAGE = YES_ERROR;
				CLANG_WARN_EMPTY_BODY = YES;
				CLANG_WARN_ENUM_CONVERSION = YES;
				CLANG_WARN_INT_CONVERSION = YES;
				CLANG_WARN_OBJC_ROOT_CLASS = YES_ERROR;
				CLANG_WARN_UNREACHABLE_CODE = YES;
				CLANG_WARN__DUPLICATE_METHOD_MATCH = YES;
				CODE_SIGN_IDENTITY = "iPhone Developer: Vincent Dionis (GDPNZCGN4S)";
				"CODE_SIGN_IDENTITY[sdk=iphoneos*]" = "iPhone Developer: Vincent Dionis (GDPNZCGN4S)";
				COPY_PHASE_STRIP = NO;
				DEBUG_INFORMATION_FORMAT = "dwarf-with-dsym";
				ENABLE_NS_ASSERTIONS = NO;
				ENABLE_STRICT_OBJC_MSGSEND = YES;
				GCC_C_LANGUAGE_STANDARD = gnu99;
				GCC_NO_COMMON_BLOCKS = YES;
				GCC_WARN_64_TO_32_BIT_CONVERSION = YES;
				GCC_WARN_ABOUT_RETURN_TYPE = YES_ERROR;
				GCC_WARN_UNDECLARED_SELECTOR = YES;
				GCC_WARN_UNINITIALIZED_AUTOS = YES_AGGRESSIVE;
				GCC_WARN_UNUSED_FUNCTION = YES;
				GCC_WARN_UNUSED_VARIABLE = YES;
				IPHONEOS_DEPLOYMENT_TARGET = 8.0;
				MTL_ENABLE_DEBUG_INFO = NO;
				PROVISIONING_PROFILE = "44d64cb5-cd4d-4964-aa9a-14a6536802c0";
				SDKROOT = iphoneos;
				VALIDATE_PRODUCT = YES;
			};
			name = Release;
		};
		BB1C03331B6E56310035F09F /* Debug */ = {
			isa = XCBuildConfiguration;
			baseConfigurationReference = C174404B633EEBC7B8903B24 /* Pods.debug.xcconfig */;
			buildSettings = {
				ASSETCATALOG_COMPILER_APPICON_NAME = AppIcon;
				CODE_SIGN_IDENTITY = "iPhone Developer: Vincent Dionis (GDPNZCGN4S)";
				"CODE_SIGN_IDENTITY[sdk=iphoneos*]" = "iPhone Developer: Vincent Dionis (GDPNZCGN4S)";
				HEADER_SEARCH_PATHS = (
					"$(inherited)",
					"\"${PODS_ROOT}/Headers/Public\"",
					"\"${PODS_ROOT}/Headers/Public/Bolts\"",
					"\"${PODS_ROOT}/Headers/Public/DateTools\"",
					"\"${PODS_ROOT}/Headers/Public/FBSDKCoreKit\"",
					"\"${PODS_ROOT}/Headers/Public/FLAnimatedImage\"",
					"\"${PODS_ROOT}/Headers/Public/Facebook-iOS-SDK\"",
					"\"${PODS_ROOT}/Headers/Public/Facebook-iOS-SDK/FacebookSDK\"",
					"\"${PODS_ROOT}/Headers/Public/MBProgressHUD\"",
					"\"${PODS_ROOT}/Headers/Public/Masonry\"",
					"\"${PODS_ROOT}/Headers/Public/PBJVision\"",
					"\"${PODS_ROOT}/Headers/Public/Parse\"",
					"\"${PODS_ROOT}/Headers/Public/ParseFacebookUtils\"",
					"\"${PODS_ROOT}/Headers/Public/SZTextView\"",
					"\"${PODS_ROOT}/Headers/Public/ZFDragableModalTransition\"",
					"$(SRCROOT)/**",
				);
				INFOPLIST_FILE = "Wizzem-iOS/Info.plist";
				IPHONEOS_DEPLOYMENT_TARGET = 8.0;
				LD_RUNPATH_SEARCH_PATHS = "$(inherited) @executable_path/Frameworks";
				LIBRARY_SEARCH_PATHS = (
					"$(inherited)",
					"$(PROJECT_DIR)/Wizzem-iOS/iOSMagick-6.7.5-3-libs",
					"$(PROJECT_DIR)/Wizzem-iOS/Application",
					"$(PROJECT_DIR)/Wizzem-iOS/Application/iOSMagick-6.7.5-3-libs",
					"$(PROJECT_DIR)/IM",
				);
				PRODUCT_NAME = "$(TARGET_NAME)";
				PROVISIONING_PROFILE = "44d64cb5-cd4d-4964-aa9a-14a6536802c0";
				SWIFT_OBJC_BRIDGING_HEADER = "Wizzem-iOS/Application/Header.h";
			};
			name = Debug;
		};
		BB1C03341B6E56310035F09F /* Release */ = {
			isa = XCBuildConfiguration;
			baseConfigurationReference = 8FC4FD53C680A81308A55C30 /* Pods.release.xcconfig */;
			buildSettings = {
				ASSETCATALOG_COMPILER_APPICON_NAME = AppIcon;
				CODE_SIGN_IDENTITY = "iPhone Developer: Vincent Dionis (GDPNZCGN4S)";
				HEADER_SEARCH_PATHS = (
					"$(inherited)",
					"\"${PODS_ROOT}/Headers/Public\"",
					"\"${PODS_ROOT}/Headers/Public/Bolts\"",
					"\"${PODS_ROOT}/Headers/Public/DateTools\"",
					"\"${PODS_ROOT}/Headers/Public/FBSDKCoreKit\"",
					"\"${PODS_ROOT}/Headers/Public/FLAnimatedImage\"",
					"\"${PODS_ROOT}/Headers/Public/Facebook-iOS-SDK\"",
					"\"${PODS_ROOT}/Headers/Public/Facebook-iOS-SDK/FacebookSDK\"",
					"\"${PODS_ROOT}/Headers/Public/MBProgressHUD\"",
					"\"${PODS_ROOT}/Headers/Public/Masonry\"",
					"\"${PODS_ROOT}/Headers/Public/PBJVision\"",
					"\"${PODS_ROOT}/Headers/Public/Parse\"",
					"\"${PODS_ROOT}/Headers/Public/ParseFacebookUtils\"",
					"\"${PODS_ROOT}/Headers/Public/SZTextView\"",
					"\"${PODS_ROOT}/Headers/Public/ZFDragableModalTransition\"",
					"$(SRCROOT)/**",
				);
				INFOPLIST_FILE = "Wizzem-iOS/Info.plist";
				IPHONEOS_DEPLOYMENT_TARGET = 8.0;
				LD_RUNPATH_SEARCH_PATHS = "$(inherited) @executable_path/Frameworks";
				LIBRARY_SEARCH_PATHS = (
					"$(inherited)",
					"$(PROJECT_DIR)/Wizzem-iOS/iOSMagick-6.7.5-3-libs",
					"$(PROJECT_DIR)/Wizzem-iOS/Application",
					"$(PROJECT_DIR)/Wizzem-iOS/Application/iOSMagick-6.7.5-3-libs",
					"$(PROJECT_DIR)/IM",
				);
				PRODUCT_NAME = "$(TARGET_NAME)";
				PROVISIONING_PROFILE = "44d64cb5-cd4d-4964-aa9a-14a6536802c0";
				SWIFT_OBJC_BRIDGING_HEADER = "Wizzem-iOS/Application/Header.h";
			};
			name = Release;
		};
		BB1C03361B6E56310035F09F /* Debug */ = {
			isa = XCBuildConfiguration;
			buildSettings = {
				BUNDLE_LOADER = "$(TEST_HOST)";
				CODE_SIGN_IDENTITY = "iPhone Developer";
				"CODE_SIGN_IDENTITY[sdk=iphoneos*]" = "iPhone Developer";
				FRAMEWORK_SEARCH_PATHS = (
					"$(SDKROOT)/Developer/Library/Frameworks",
					"$(inherited)",
				);
				GCC_PREPROCESSOR_DEFINITIONS = (
					"DEBUG=1",
					"$(inherited)",
				);
				INFOPLIST_FILE = "Wizzem-iOSTests/Info.plist";
				LD_RUNPATH_SEARCH_PATHS = "$(inherited) @executable_path/Frameworks @loader_path/Frameworks";
				PRODUCT_NAME = "$(TARGET_NAME)";
				PROVISIONING_PROFILE = "";
				TEST_HOST = "$(BUILT_PRODUCTS_DIR)/Wizzem-iOS.app/Wizzem-iOS";
			};
			name = Debug;
		};
		BB1C03371B6E56310035F09F /* Release */ = {
			isa = XCBuildConfiguration;
			buildSettings = {
				BUNDLE_LOADER = "$(TEST_HOST)";
				CODE_SIGN_IDENTITY = "iPhone Developer";
				"CODE_SIGN_IDENTITY[sdk=iphoneos*]" = "iPhone Developer";
				FRAMEWORK_SEARCH_PATHS = (
					"$(SDKROOT)/Developer/Library/Frameworks",
					"$(inherited)",
				);
				INFOPLIST_FILE = "Wizzem-iOSTests/Info.plist";
				LD_RUNPATH_SEARCH_PATHS = "$(inherited) @executable_path/Frameworks @loader_path/Frameworks";
				PRODUCT_NAME = "$(TARGET_NAME)";
				PROVISIONING_PROFILE = "";
				TEST_HOST = "$(BUILT_PRODUCTS_DIR)/Wizzem-iOS.app/Wizzem-iOS";
			};
			name = Release;
		};
/* End XCBuildConfiguration section */

/* Begin XCConfigurationList section */
		BB1C030E1B6E56310035F09F /* Build configuration list for PBXProject "Wizzem-iOS" */ = {
			isa = XCConfigurationList;
			buildConfigurations = (
				BB1C03301B6E56310035F09F /* Debug */,
				BB1C03311B6E56310035F09F /* Release */,
			);
			defaultConfigurationIsVisible = 0;
			defaultConfigurationName = Release;
		};
		BB1C03321B6E56310035F09F /* Build configuration list for PBXNativeTarget "Wizzem-iOS" */ = {
			isa = XCConfigurationList;
			buildConfigurations = (
				BB1C03331B6E56310035F09F /* Debug */,
				BB1C03341B6E56310035F09F /* Release */,
			);
			defaultConfigurationIsVisible = 0;
			defaultConfigurationName = Release;
		};
		BB1C03351B6E56310035F09F /* Build configuration list for PBXNativeTarget "Wizzem-iOSTests" */ = {
			isa = XCConfigurationList;
			buildConfigurations = (
				BB1C03361B6E56310035F09F /* Debug */,
				BB1C03371B6E56310035F09F /* Release */,
			);
			defaultConfigurationIsVisible = 0;
			defaultConfigurationName = Release;
		};
/* End XCConfigurationList section */
	};
	rootObject = BB1C030B1B6E56310035F09F /* Project object */;
}
